
Microsoft Visual Studio Solution File, Format Version 12.00
# Visual Studio Version 16
VisualStudioVersion = 16.0.28803.452
MinimumVisualStudioVersion = 10.0.40219.1
Project("{FAE04EC0-301F-11D3-BF4B-00C04F79EFBC}") = "ChannelList", "ChannelList\ChannelList.csproj", "{3FB48C93-85EC-4894-8FE7-E035DDC0618C}"
EndProject
Project("{FAE04EC0-301F-11D3-BF4B-00C04F79EFBC}") = "DvbStpClient", "Assemblies\DvbStpClient\DvbStpClient.csproj", "{8AD3C34B-A1D3-4385-A8A9-C429BD9A37D3}"
EndProject
Project("{FAE04EC0-301F-11D3-BF4B-00C04F79EFBC}") = "UiServices.Config", "Assemblies\UiServices.Config\UiServices.Config.csproj", "{A722DE9D-AE51-479C-825F-A19F4C69BD75}"
EndProject
Project("{FAE04EC0-301F-11D3-BF4B-00C04F79EFBC}") = "UiServices.Discovery", "Assemblies\UiServices.Discovery\UiServices.Discovery.csproj", "{7E5E21B9-4BD6-4FB3-9055-9B09CC479C6C}"
EndProject
Project("{FAE04EC0-301F-11D3-BF4B-00C04F79EFBC}") = "IpTvRecorderLauncher", "IpTvRecorderLauncher\IpTvRecorderLauncher.csproj", "{DDA7264E-C003-4E3A-B657-27EE2543F101}"
EndProject
Project("{FAE04EC0-301F-11D3-BF4B-00C04F79EFBC}") = "FirstTimeConfig", "FirstTimeConfig\FirstTimeConfig.csproj", "{6B23C0BE-C1CE-457A-B701-55870E355560}"
EndProject
Project("{2150E333-8FDC-42A3-9474-1A3956D46DE8}") = "Solution Items", "Solution Items", "{227520B6-B11F-45B8-84B2-8FDF27A2492C}"
	ProjectSection(SolutionItems) = preProject
		AssemblySolutionInfo.cs = AssemblySolutionInfo.cs
		InternalTools.LICENSE.ES.MD = InternalTools.LICENSE.ES.MD
		internaltools.license.es.rtf = internaltools.license.es.rtf
		internaltools.license.es.txt = internaltools.license.es.txt
		InternalTools.LICENSE.MD = InternalTools.LICENSE.MD
		internaltools.license.rtf = internaltools.license.rtf
		internaltools.license.txt = internaltools.license.txt
		InternalTools.licensing.xml = InternalTools.licensing.xml
		..\LICENSE = ..\LICENSE
		LICENSE.ES.MD = LICENSE.ES.MD
		license.es.rtf = license.es.rtf
		license.es.txt = license.es.txt
		LICENSE.MD = LICENSE.MD
		license.rtf = license.rtf
		license.txt = license.txt
		..\LICENSE_ES = ..\LICENSE_ES
		licensing.xml = licensing.xml
		movistarplus.json = movistarplus.json
		movistartv-config.xml = movistartv-config.xml
		MovistarTV.LICENSE.ES.MD = MovistarTV.LICENSE.ES.MD
		movistartv.license.es.rtf = movistartv.license.es.rtf
		movistartv.license.es.txt = movistartv.license.es.txt
		MovistarTV.LICENSE.MD = MovistarTV.LICENSE.MD
		movistartv.license.rtf = movistartv.license.rtf
		movistartv.license.txt = movistartv.license.txt
		MovistarTV.licensing.xml = MovistarTV.licensing.xml
		..\README.md = ..\README.md
	EndProjectSection
EndProject
Project("{FAE04EC0-301F-11D3-BF4B-00C04F79EFBC}") = "UiServices.Forms", "Assemblies\UiServices.Forms\UiServices.Forms.csproj", "{90F750B3-64DB-493F-96A6-E68DE5EA60A1}"
EndProject
Project("{2150E333-8FDC-42A3-9474-1A3956D46DE8}") = "Setup", "Setup", "{B1F1A4A8-719B-4863-BEE0-EC79E7F06DEB}"
EndProject
Project("{930C7802-8A8C-48F9-8165-68863BCCD9DD}") = "MainSetup", "Setup\MainSetup\MainSetup.wixproj", "{F3FC11C7-8850-4874-9CF3-8BA4DE43959A}"
EndProject
Project("{FAE04EC0-301F-11D3-BF4B-00C04F79EFBC}") = "Logos", "Logos\Logos.csproj", "{65DD367D-A89D-4F89-9231-2009EF0B31AF}"
EndProject
Project("{FAE04EC0-301F-11D3-BF4B-00C04F79EFBC}") = "Services.Record.Serialization", "Assemblies\Services.Record.Serialization\Services.Record.Serialization.csproj", "{074C14ED-C574-46D2-B9DC-C1B5F65D9A69}"
EndProject
Project("{FAE04EC0-301F-11D3-BF4B-00C04F79EFBC}") = "UiServices.DvbStpClient", "Assemblies\UiServices.DvbStpClient\UiServices.DvbStpClient.csproj", "{BA481E42-F570-4D2C-94D4-21C4CCE27762}"
EndProject
Project("{FAE04EC0-301F-11D3-BF4B-00C04F79EFBC}") = "Services.Record", "Assemblies\Services.Record\Services.Record.csproj", "{A4172CDD-C8FD-4C91-9AAF-54A948F26273}"
EndProject
Project("{FAE04EC0-301F-11D3-BF4B-00C04F79EFBC}") = "UiServices.Record", "Assemblies\UiServices.Record\UiServices.Record.csproj", "{971B720E-2AE8-4EA4-B5CE-7A1AF11C3743}"
EndProject
Project("{2150E333-8FDC-42A3-9474-1A3956D46DE8}") = "DB", "DB", "{21AADDF8-BB39-4D0F-A6EF-EFD64AB3BC16}"
	ProjectSection(SolutionItems) = preProject
		DB\EPG.sdf = DB\EPG.sdf
		DB\RecordTasks.sdf = DB\RecordTasks.sdf
	EndProjectSection
EndProject
Project("{FAE04EC0-301F-11D3-BF4B-00C04F79EFBC}") = "IpTviewr.Common", "Assemblies\Project.Common\IpTviewr.Common.csproj", "{8DA15060-5A78-4F89-A9F1-7AA56B0D622C}"
EndProject
Project("{FAE04EC0-301F-11D3-BF4B-00C04F79EFBC}") = "Services.SqlServerCE", "Assemblies\Services.SqlServerCE\Services.SqlServerCE.csproj", "{3A053F34-4EDF-4071-B966-923255A0AE14}"
EndProject
Project("{2150E333-8FDC-42A3-9474-1A3956D46DE8}") = "Common.UI", "Common.UI", "{1A7A0EC8-D85A-4674-8DF7-89FF64D0A158}"
EndProject
Project("{2150E333-8FDC-42A3-9474-1A3956D46DE8}") = "Resources", "Resources", "{4B6AC9D7-14AF-4C52-9154-59F4B4A3EC0E}"
	ProjectSection(SolutionItems) = preProject
		Common.UI\Resources\Action_Add_16xL.png = Common.UI\Resources\Action_Add_16xL.png
		Common.UI\Resources\Action_Add_16xM.png = Common.UI\Resources\Action_Add_16xM.png
		Common.UI\Resources\Action_Add_16xS.png = Common.UI\Resources\Action_Add_16xS.png
		Common.UI\Resources\Action_AttachFile_16x16.png = Common.UI\Resources\Action_AttachFile_16x16.png
		Common.UI\Resources\Action_Back_16x16.png = Common.UI\Resources\Action_Back_16x16.png
		Common.UI\Resources\Action_Cancel_16x16.png = Common.UI\Resources\Action_Cancel_16x16.png
		Common.UI\Resources\Action_Cancel_Red_16x16.png = Common.UI\Resources\Action_Cancel_Red_16x16.png
		Common.UI\Resources\Action_Close_16x16.png = Common.UI\Resources\Action_Close_16x16.png
		Common.UI\Resources\Action_Copy_Clip_16x16.png = Common.UI\Resources\Action_Copy_Clip_16x16.png
		Common.UI\Resources\Action_Copy_Table.png = Common.UI\Resources\Action_Copy_Table.png
		Common.UI\Resources\Action_Delete_16x16.png = Common.UI\Resources\Action_Delete_16x16.png
		Common.UI\Resources\Action_Edit_16x16.png = Common.UI\Resources\Action_Edit_16x16.png
		Common.UI\Resources\Action_EditTask_16x16.png = Common.UI\Resources\Action_EditTask_16x16.png
		Common.UI\Resources\Action_Export_Data.png = Common.UI\Resources\Action_Export_Data.png
		Common.UI\Resources\Action_Export_List_16x16.png = Common.UI\Resources\Action_Export_List_16x16.png
		Common.UI\Resources\Action_Favorites_16x16.png = Common.UI\Resources\Action_Favorites_16x16.png
		Common.UI\Resources\Action_Forward_16x16.png = Common.UI\Resources\Action_Forward_16x16.png
		Common.UI\Resources\Action_FullView_16x16.png = Common.UI\Resources\Action_FullView_16x16.png
		Common.UI\Resources\Action_Go_16x16.png = Common.UI\Resources\Action_Go_16x16.png
		Common.UI\Resources\Action_GoNextDown_16x16.png = Common.UI\Resources\Action_GoNextDown_16x16.png
		Common.UI\Resources\Action_GoPreviousUp_16x16.png = Common.UI\Resources\Action_GoPreviousUp_16x16.png
		Common.UI\Resources\Action_History_MD_16x16.png = Common.UI\Resources\Action_History_MD_16x16.png
		Common.UI\Resources\Action_Hyperlink_16x16.png = Common.UI\Resources\Action_Hyperlink_16x16.png
		Common.UI\Resources\Action_Import_16x16.png = Common.UI\Resources\Action_Import_16x16.png
		Common.UI\Resources\Action_Link_16x16.png = Common.UI\Resources\Action_Link_16x16.png
		Common.UI\Resources\Action_NextRecord_16x16.png = Common.UI\Resources\Action_NextRecord_16x16.png
		Common.UI\Resources\Action_Ok_16x16.png = Common.UI\Resources\Action_Ok_16x16.png
		Common.UI\Resources\Action_Play_LG_16x16.png = Common.UI\Resources\Action_Play_LG_16x16.png
		Common.UI\Resources\Action_PreviousRecord_16x16.png = Common.UI\Resources\Action_PreviousRecord_16x16.png
		Common.UI\Resources\Action_Properties_16x16.png = Common.UI\Resources\Action_Properties_16x16.png
		Common.UI\Resources\Action_Property_Add_16x16.png = Common.UI\Resources\Action_Property_Add_16x16.png
		Common.UI\Resources\Action_Property_Edit_16x16.png = Common.UI\Resources\Action_Property_Edit_16x16.png
		Common.UI\Resources\Action_Record_16x16.png = Common.UI\Resources\Action_Record_16x16.png
		Common.UI\Resources\Action_Refresh_Blue_16x16.png = Common.UI\Resources\Action_Refresh_Blue_16x16.png
		Common.UI\Resources\Action_Repair_16x16.png = Common.UI\Resources\Action_Repair_16x16.png
		Common.UI\Resources\Action_ReportError_16x16.png = Common.UI\Resources\Action_ReportError_16x16.png
		Common.UI\Resources\Action_Run_16x16.png = Common.UI\Resources\Action_Run_16x16.png
		Common.UI\Resources\Action_Save_16x16.png = Common.UI\Resources\Action_Save_16x16.png
		Common.UI\Resources\Action_Settings_16x16.png = Common.UI\Resources\Action_Settings_16x16.png
		Common.UI\Resources\Action_SortAscending_16x16.png = Common.UI\Resources\Action_SortAscending_16x16.png
		Common.UI\Resources\Action_SortDescending_16x16.png = Common.UI\Resources\Action_SortDescending_16x16.png
		Common.UI\Resources\ListView_Content.ico = Common.UI\Resources\ListView_Content.ico
		Common.UI\Resources\ListView_Details.ico = Common.UI\Resources\ListView_Details.ico
		Common.UI\Resources\ListView_Details_16x16.png = Common.UI\Resources\ListView_Details_16x16.png
		Common.UI\Resources\ListView_Details_24x24.png = Common.UI\Resources\ListView_Details_24x24.png
		Common.UI\Resources\ListView_ExtraLargeIcons.ico = Common.UI\Resources\ListView_ExtraLargeIcons.ico
		Common.UI\Resources\ListView_LargeIcons.ico = Common.UI\Resources\ListView_LargeIcons.ico
		Common.UI\Resources\ListView_List.ico = Common.UI\Resources\ListView_List.ico
		Common.UI\Resources\ListView_List_16x16.png = Common.UI\Resources\ListView_List_16x16.png
		Common.UI\Resources\ListView_List_24x24.png = Common.UI\Resources\ListView_List_24x24.png
		Common.UI\Resources\ListView_MediumIcons.ico = Common.UI\Resources\ListView_MediumIcons.ico
		Common.UI\Resources\ListView_MediumIcons_16x16.png = Common.UI\Resources\ListView_MediumIcons_16x16.png
		Common.UI\Resources\ListView_MediumIcons_24x24.png = Common.UI\Resources\ListView_MediumIcons_24x24.png
		Common.UI\Resources\ListView_SmallIcons.ico = Common.UI\Resources\ListView_SmallIcons.ico
		Common.UI\Resources\ListView_SmallIcons_16x16.png = Common.UI\Resources\ListView_SmallIcons_16x16.png
		Common.UI\Resources\ListView_SmallIcons_24x24.png = Common.UI\Resources\ListView_SmallIcons_24x24.png
		Common.UI\Resources\ListView_Tiles.ico = Common.UI\Resources\ListView_Tiles.ico
		Common.UI\Resources\ListView_Tiles_16x16.png = Common.UI\Resources\ListView_Tiles_16x16.png
		Common.UI\Resources\ListView_Tiles_24x24.png = Common.UI\Resources\ListView_Tiles_24x24.png
		Common.UI\Resources\Status_Download_Blue_16x16.png = Common.UI\Resources\Status_Download_Blue_16x16.png
		Common.UI\Resources\Status_Error_24x24.png = Common.UI\Resources\Status_Error_24x24.png
		Common.UI\Resources\Status_Info_16x16.png = Common.UI\Resources\Status_Info_16x16.png
		Common.UI\Resources\Status_Info_24x24.png = Common.UI\Resources\Status_Info_24x24.png
		Common.UI\Resources\Status_Ok_Blue_16x16.png = Common.UI\Resources\Status_Ok_Blue_16x16.png
		Common.UI\Resources\Status_Ok_Circle_16x16.png = Common.UI\Resources\Status_Ok_Circle_16x16.png
		Common.UI\Resources\Status_Ok_Green_16x16.png = Common.UI\Resources\Status_Ok_Green_16x16.png
		Common.UI\Resources\Status_Ok_SmallCircle_16x16.png = Common.UI\Resources\Status_Ok_SmallCircle_16x16.png
		Common.UI\Resources\Status_Pause_16x16.png = Common.UI\Resources\Status_Pause_16x16.png
		Common.UI\Resources\Status_Pause_Small_16x16.png = Common.UI\Resources\Status_Pause_Small_16x16.png
		Common.UI\Resources\Status_Pending_16x16.png = Common.UI\Resources\Status_Pending_16x16.png
		Common.UI\Resources\Status_Run_16x16.png = Common.UI\Resources\Status_Run_16x16.png
		Common.UI\Resources\Status_Run_Small_16x16.png = Common.UI\Resources\Status_Run_Small_16x16.png
		Common.UI\Resources\Status_Success_24x24.png = Common.UI\Resources\Status_Success_24x24.png
		Common.UI\Resources\Status_Unknown_16x616.png = Common.UI\Resources\Status_Unknown_16x616.png
		Common.UI\Resources\Status_Wait_16x16.png = Common.UI\Resources\Status_Wait_16x16.png
		Common.UI\Resources\Status_Warning_16x16.png = Common.UI\Resources\Status_Warning_16x16.png
		Common.UI\Resources\Status_Warning_24x24.png = Common.UI\Resources\Status_Warning_24x24.png
		Common.UI\Resources\Status_Warning_48x48.png = Common.UI\Resources\Status_Warning_48x48.png
		Common.UI\Resources\WaitClock_128x128.png = Common.UI\Resources\WaitClock_128x128.png
		Common.UI\Resources\WaitClock_16x16.png = Common.UI\Resources\WaitClock_16x16.png
		Common.UI\Resources\WaitClock_24x24.png = Common.UI\Resources\WaitClock_24x24.png
		Common.UI\Resources\WaitClock_256x256.png = Common.UI\Resources\WaitClock_256x256.png
		Common.UI\Resources\WaitClock_32x32.png = Common.UI\Resources\WaitClock_32x32.png
		Common.UI\Resources\WaitClock_48x48.png = Common.UI\Resources\WaitClock_48x48.png
		Common.UI\Resources\WaitClock_64x64.png = Common.UI\Resources\WaitClock_64x64.png
		Common.UI\Resources\WaitClock_96x96.png = Common.UI\Resources\WaitClock_96x96.png
		Common.UI\Resources\WaitClock_Icon.ico = Common.UI\Resources\WaitClock_Icon.ico
	EndProjectSection
EndProject
Project("{FAE04EC0-301F-11D3-BF4B-00C04F79EFBC}") = "UiServices.Common", "Assemblies\UiServices.Common\UiServices.Common.csproj", "{76346905-AC2F-4F01-BA99-BBFFBB2A6FE9}"
EndProject
Project("{FAE04EC0-301F-11D3-BF4B-00C04F79EFBC}") = "Etsi.Ts102034", "Assemblies\Etsi.Ts102034\Etsi.Ts102034.csproj", "{B91C438D-0333-4D06-86CD-74CE82DF6F40}"
EndProject
Project("{FAE04EC0-301F-11D3-BF4B-00C04F79EFBC}") = "IpTviewr.IpTvServices", "Assemblies\Core.IpTvProvider\IpTviewr.IpTvServices.csproj", "{36B8E0A1-F1B1-498D-8FE7-A39BB7FD68CA}"
EndProject
Project("{FAE04EC0-301F-11D3-BF4B-00C04F79EFBC}") = "IpTv.MovistarPlus", "Assemblies\IpTv.MovistarPlus\IpTv.MovistarPlus.csproj", "{E1748F45-DD50-4479-96F6-F7EBA6F3E28B}"
EndProject
Project("{FAE04EC0-301F-11D3-BF4B-00C04F79EFBC}") = "IpTviewr.Native", "Assemblies\Project.Native\IpTviewr.Native.csproj", "{8986CD52-0C65-42D6-9C47-20FF47CF87BB}"
EndProject
Project("{FAE04EC0-301F-11D3-BF4B-00C04F79EFBC}") = "Services.EpgDiscovery", "Assemblies\Services.EpgDiscovery\Services.EpgDiscovery.csproj", "{5A171DBB-855C-452B-93C6-229C7AA6C7A6}"
EndProject
Project("{FAE04EC0-301F-11D3-BF4B-00C04F79EFBC}") = "UiServices.EPG", "Assemblies\UiServices.EPG\UiServices.EPG.csproj", "{004C3829-FED4-4084-B23B-871193AFA8C7}"
EndProject
Project("{2150E333-8FDC-42A3-9474-1A3956D46DE8}") = "Services", "Services", "{8C20CFC3-5D3F-4176-989D-BE4E472200FE}"
EndProject
Project("{2150E333-8FDC-42A3-9474-1A3956D46DE8}") = "UiServices", "UiServices", "{F477374C-E179-4991-BD4A-CAFCC42C69DC}"
EndProject
Project("{2150E333-8FDC-42A3-9474-1A3956D46DE8}") = "DVB", "DVB", "{41D5EE58-70A5-432A-AD7E-7681522416DA}"
EndProject
Project("{2150E333-8FDC-42A3-9474-1A3956D46DE8}") = "Core", "Core", "{2E731243-64FA-4810-A67F-03538F9A4954}"
EndProject
Project("{FAE04EC0-301F-11D3-BF4B-00C04F79EFBC}") = "IpTViewr.Core", "Core\IpTViewr.Core\IpTViewr.Core.csproj", "{968C6EEB-1E79-446A-96AE-69CB225E1C37}"
EndProject
Project("{FAE04EC0-301F-11D3-BF4B-00C04F79EFBC}") = "IpTviewr.Telemetry", "Core\IpTviewr.Telemetry\IpTviewr.Telemetry.csproj", "{8C3814BF-9482-41C2-BA1A-CBA59F5C2ED4}"
EndProject
Project("{FAE04EC0-301F-11D3-BF4B-00C04F79EFBC}") = "AlphaCentaury.Licensing.Data", "Assemblies\AlphaCentaury.Licensing.Data\AlphaCentaury.Licensing.Data.csproj", "{42B71DB3-2E34-43BB-BF87-88F422BCF861}"
EndProject
Project("{FAE04EC0-301F-11D3-BF4B-00C04F79EFBC}") = "AlphaCentaury.Licensing.Data.Ui", "Assemblies\AlphaCentaury.Licensing.Data.Ui\AlphaCentaury.Licensing.Data.Ui.csproj", "{1293A5C4-478F-4EFD-8E53-D283B35E1A06}"
EndProject
Project("{FAE04EC0-301F-11D3-BF4B-00C04F79EFBC}") = "LoadNetFx35", "Setup\LoadNetFx35\LoadNetFx35.csproj", "{F4577356-279F-4BCC-82A4-30ED8B1FD66B}"
EndProject
Global
	GlobalSection(SolutionConfigurationPlatforms) = preSolution
		Debug + Setup|Any CPU = Debug + Setup|Any CPU
		Debug + Setup|Mixed Platforms = Debug + Setup|Mixed Platforms
		Debug + Setup|x86 = Debug + Setup|x86
		Debug|Any CPU = Debug|Any CPU
		Debug|Mixed Platforms = Debug|Mixed Platforms
		Debug|x86 = Debug|x86
		Release + Setup|Any CPU = Release + Setup|Any CPU
		Release + Setup|Mixed Platforms = Release + Setup|Mixed Platforms
		Release + Setup|x86 = Release + Setup|x86
		Release|Any CPU = Release|Any CPU
		Release|Mixed Platforms = Release|Mixed Platforms
		Release|x86 = Release|x86
	EndGlobalSection
	GlobalSection(ProjectConfigurationPlatforms) = postSolution
		{3FB48C93-85EC-4894-8FE7-E035DDC0618C}.Debug + Setup|Any CPU.ActiveCfg = Debug|Any CPU
		{3FB48C93-85EC-4894-8FE7-E035DDC0618C}.Debug + Setup|Any CPU.Build.0 = Debug|Any CPU
		{3FB48C93-85EC-4894-8FE7-E035DDC0618C}.Debug + Setup|Mixed Platforms.ActiveCfg = Debug|Any CPU
		{3FB48C93-85EC-4894-8FE7-E035DDC0618C}.Debug + Setup|Mixed Platforms.Build.0 = Debug|Any CPU
		{3FB48C93-85EC-4894-8FE7-E035DDC0618C}.Debug + Setup|x86.ActiveCfg = Debug|Any CPU
		{3FB48C93-85EC-4894-8FE7-E035DDC0618C}.Debug|Any CPU.ActiveCfg = Debug|Any CPU
		{3FB48C93-85EC-4894-8FE7-E035DDC0618C}.Debug|Any CPU.Build.0 = Debug|Any CPU
		{3FB48C93-85EC-4894-8FE7-E035DDC0618C}.Debug|Mixed Platforms.ActiveCfg = Debug|Any CPU
		{3FB48C93-85EC-4894-8FE7-E035DDC0618C}.Debug|Mixed Platforms.Build.0 = Debug|Any CPU
		{3FB48C93-85EC-4894-8FE7-E035DDC0618C}.Debug|x86.ActiveCfg = Debug|Any CPU
		{3FB48C93-85EC-4894-8FE7-E035DDC0618C}.Release + Setup|Any CPU.ActiveCfg = Release|Any CPU
		{3FB48C93-85EC-4894-8FE7-E035DDC0618C}.Release + Setup|Any CPU.Build.0 = Release|Any CPU
		{3FB48C93-85EC-4894-8FE7-E035DDC0618C}.Release + Setup|Mixed Platforms.ActiveCfg = Release|Any CPU
		{3FB48C93-85EC-4894-8FE7-E035DDC0618C}.Release + Setup|Mixed Platforms.Build.0 = Release|Any CPU
		{3FB48C93-85EC-4894-8FE7-E035DDC0618C}.Release + Setup|x86.ActiveCfg = Release|Any CPU
		{3FB48C93-85EC-4894-8FE7-E035DDC0618C}.Release|Any CPU.ActiveCfg = Release|Any CPU
		{3FB48C93-85EC-4894-8FE7-E035DDC0618C}.Release|Any CPU.Build.0 = Release|Any CPU
		{3FB48C93-85EC-4894-8FE7-E035DDC0618C}.Release|Mixed Platforms.ActiveCfg = Release|Any CPU
		{3FB48C93-85EC-4894-8FE7-E035DDC0618C}.Release|Mixed Platforms.Build.0 = Release|Any CPU
		{3FB48C93-85EC-4894-8FE7-E035DDC0618C}.Release|x86.ActiveCfg = Release|Any CPU
		{8AD3C34B-A1D3-4385-A8A9-C429BD9A37D3}.Debug + Setup|Any CPU.ActiveCfg = Debug|Any CPU
		{8AD3C34B-A1D3-4385-A8A9-C429BD9A37D3}.Debug + Setup|Any CPU.Build.0 = Debug|Any CPU
		{8AD3C34B-A1D3-4385-A8A9-C429BD9A37D3}.Debug + Setup|Mixed Platforms.ActiveCfg = Debug|Any CPU
		{8AD3C34B-A1D3-4385-A8A9-C429BD9A37D3}.Debug + Setup|Mixed Platforms.Build.0 = Debug|Any CPU
		{8AD3C34B-A1D3-4385-A8A9-C429BD9A37D3}.Debug + Setup|x86.ActiveCfg = Debug|Any CPU
		{8AD3C34B-A1D3-4385-A8A9-C429BD9A37D3}.Debug|Any CPU.ActiveCfg = Debug|Any CPU
		{8AD3C34B-A1D3-4385-A8A9-C429BD9A37D3}.Debug|Any CPU.Build.0 = Debug|Any CPU
		{8AD3C34B-A1D3-4385-A8A9-C429BD9A37D3}.Debug|Mixed Platforms.ActiveCfg = Debug|Any CPU
		{8AD3C34B-A1D3-4385-A8A9-C429BD9A37D3}.Debug|Mixed Platforms.Build.0 = Debug|Any CPU
		{8AD3C34B-A1D3-4385-A8A9-C429BD9A37D3}.Debug|x86.ActiveCfg = Debug|Any CPU
		{8AD3C34B-A1D3-4385-A8A9-C429BD9A37D3}.Release + Setup|Any CPU.ActiveCfg = Release|Any CPU
		{8AD3C34B-A1D3-4385-A8A9-C429BD9A37D3}.Release + Setup|Any CPU.Build.0 = Release|Any CPU
		{8AD3C34B-A1D3-4385-A8A9-C429BD9A37D3}.Release + Setup|Mixed Platforms.ActiveCfg = Release|Any CPU
		{8AD3C34B-A1D3-4385-A8A9-C429BD9A37D3}.Release + Setup|Mixed Platforms.Build.0 = Release|Any CPU
		{8AD3C34B-A1D3-4385-A8A9-C429BD9A37D3}.Release + Setup|x86.ActiveCfg = Release|Any CPU
		{8AD3C34B-A1D3-4385-A8A9-C429BD9A37D3}.Release|Any CPU.ActiveCfg = Release|Any CPU
		{8AD3C34B-A1D3-4385-A8A9-C429BD9A37D3}.Release|Any CPU.Build.0 = Release|Any CPU
		{8AD3C34B-A1D3-4385-A8A9-C429BD9A37D3}.Release|Mixed Platforms.ActiveCfg = Release|Any CPU
		{8AD3C34B-A1D3-4385-A8A9-C429BD9A37D3}.Release|Mixed Platforms.Build.0 = Release|Any CPU
		{8AD3C34B-A1D3-4385-A8A9-C429BD9A37D3}.Release|x86.ActiveCfg = Release|Any CPU
		{A722DE9D-AE51-479C-825F-A19F4C69BD75}.Debug + Setup|Any CPU.ActiveCfg = Debug|Any CPU
		{A722DE9D-AE51-479C-825F-A19F4C69BD75}.Debug + Setup|Any CPU.Build.0 = Debug|Any CPU
		{A722DE9D-AE51-479C-825F-A19F4C69BD75}.Debug + Setup|Mixed Platforms.ActiveCfg = Debug|Any CPU
		{A722DE9D-AE51-479C-825F-A19F4C69BD75}.Debug + Setup|Mixed Platforms.Build.0 = Debug|Any CPU
		{A722DE9D-AE51-479C-825F-A19F4C69BD75}.Debug + Setup|x86.ActiveCfg = Debug|Any CPU
		{A722DE9D-AE51-479C-825F-A19F4C69BD75}.Debug|Any CPU.ActiveCfg = Debug|Any CPU
		{A722DE9D-AE51-479C-825F-A19F4C69BD75}.Debug|Any CPU.Build.0 = Debug|Any CPU
		{A722DE9D-AE51-479C-825F-A19F4C69BD75}.Debug|Mixed Platforms.ActiveCfg = Debug|Any CPU
		{A722DE9D-AE51-479C-825F-A19F4C69BD75}.Debug|Mixed Platforms.Build.0 = Debug|Any CPU
		{A722DE9D-AE51-479C-825F-A19F4C69BD75}.Debug|x86.ActiveCfg = Debug|Any CPU
		{A722DE9D-AE51-479C-825F-A19F4C69BD75}.Release + Setup|Any CPU.ActiveCfg = Release|Any CPU
		{A722DE9D-AE51-479C-825F-A19F4C69BD75}.Release + Setup|Any CPU.Build.0 = Release|Any CPU
		{A722DE9D-AE51-479C-825F-A19F4C69BD75}.Release + Setup|Mixed Platforms.ActiveCfg = Release|Any CPU
		{A722DE9D-AE51-479C-825F-A19F4C69BD75}.Release + Setup|Mixed Platforms.Build.0 = Release|Any CPU
		{A722DE9D-AE51-479C-825F-A19F4C69BD75}.Release + Setup|x86.ActiveCfg = Release|Any CPU
		{A722DE9D-AE51-479C-825F-A19F4C69BD75}.Release|Any CPU.ActiveCfg = Release|Any CPU
		{A722DE9D-AE51-479C-825F-A19F4C69BD75}.Release|Any CPU.Build.0 = Release|Any CPU
		{A722DE9D-AE51-479C-825F-A19F4C69BD75}.Release|Mixed Platforms.ActiveCfg = Release|Any CPU
		{A722DE9D-AE51-479C-825F-A19F4C69BD75}.Release|Mixed Platforms.Build.0 = Release|Any CPU
		{A722DE9D-AE51-479C-825F-A19F4C69BD75}.Release|x86.ActiveCfg = Release|Any CPU
		{7E5E21B9-4BD6-4FB3-9055-9B09CC479C6C}.Debug + Setup|Any CPU.ActiveCfg = Debug|Any CPU
		{7E5E21B9-4BD6-4FB3-9055-9B09CC479C6C}.Debug + Setup|Any CPU.Build.0 = Debug|Any CPU
		{7E5E21B9-4BD6-4FB3-9055-9B09CC479C6C}.Debug + Setup|Mixed Platforms.ActiveCfg = Debug|Any CPU
		{7E5E21B9-4BD6-4FB3-9055-9B09CC479C6C}.Debug + Setup|Mixed Platforms.Build.0 = Debug|Any CPU
		{7E5E21B9-4BD6-4FB3-9055-9B09CC479C6C}.Debug + Setup|x86.ActiveCfg = Debug|Any CPU
		{7E5E21B9-4BD6-4FB3-9055-9B09CC479C6C}.Debug|Any CPU.ActiveCfg = Debug|Any CPU
		{7E5E21B9-4BD6-4FB3-9055-9B09CC479C6C}.Debug|Any CPU.Build.0 = Debug|Any CPU
		{7E5E21B9-4BD6-4FB3-9055-9B09CC479C6C}.Debug|Mixed Platforms.ActiveCfg = Debug|Any CPU
		{7E5E21B9-4BD6-4FB3-9055-9B09CC479C6C}.Debug|Mixed Platforms.Build.0 = Debug|Any CPU
		{7E5E21B9-4BD6-4FB3-9055-9B09CC479C6C}.Debug|x86.ActiveCfg = Debug|Any CPU
		{7E5E21B9-4BD6-4FB3-9055-9B09CC479C6C}.Release + Setup|Any CPU.ActiveCfg = Release|Any CPU
		{7E5E21B9-4BD6-4FB3-9055-9B09CC479C6C}.Release + Setup|Any CPU.Build.0 = Release|Any CPU
		{7E5E21B9-4BD6-4FB3-9055-9B09CC479C6C}.Release + Setup|Mixed Platforms.ActiveCfg = Release|Any CPU
		{7E5E21B9-4BD6-4FB3-9055-9B09CC479C6C}.Release + Setup|Mixed Platforms.Build.0 = Release|Any CPU
		{7E5E21B9-4BD6-4FB3-9055-9B09CC479C6C}.Release + Setup|x86.ActiveCfg = Release|Any CPU
		{7E5E21B9-4BD6-4FB3-9055-9B09CC479C6C}.Release|Any CPU.ActiveCfg = Release|Any CPU
		{7E5E21B9-4BD6-4FB3-9055-9B09CC479C6C}.Release|Any CPU.Build.0 = Release|Any CPU
		{7E5E21B9-4BD6-4FB3-9055-9B09CC479C6C}.Release|Mixed Platforms.ActiveCfg = Release|Any CPU
		{7E5E21B9-4BD6-4FB3-9055-9B09CC479C6C}.Release|Mixed Platforms.Build.0 = Release|Any CPU
		{7E5E21B9-4BD6-4FB3-9055-9B09CC479C6C}.Release|x86.ActiveCfg = Release|Any CPU
		{DDA7264E-C003-4E3A-B657-27EE2543F101}.Debug + Setup|Any CPU.ActiveCfg = Debug|Any CPU
		{DDA7264E-C003-4E3A-B657-27EE2543F101}.Debug + Setup|Any CPU.Build.0 = Debug|Any CPU
		{DDA7264E-C003-4E3A-B657-27EE2543F101}.Debug + Setup|Mixed Platforms.ActiveCfg = Debug|Any CPU
		{DDA7264E-C003-4E3A-B657-27EE2543F101}.Debug + Setup|Mixed Platforms.Build.0 = Debug|Any CPU
		{DDA7264E-C003-4E3A-B657-27EE2543F101}.Debug + Setup|x86.ActiveCfg = Debug|Any CPU
		{DDA7264E-C003-4E3A-B657-27EE2543F101}.Debug|Any CPU.ActiveCfg = Debug|Any CPU
		{DDA7264E-C003-4E3A-B657-27EE2543F101}.Debug|Any CPU.Build.0 = Debug|Any CPU
		{DDA7264E-C003-4E3A-B657-27EE2543F101}.Debug|Mixed Platforms.ActiveCfg = Debug|Any CPU
		{DDA7264E-C003-4E3A-B657-27EE2543F101}.Debug|Mixed Platforms.Build.0 = Debug|Any CPU
		{DDA7264E-C003-4E3A-B657-27EE2543F101}.Debug|x86.ActiveCfg = Debug|Any CPU
		{DDA7264E-C003-4E3A-B657-27EE2543F101}.Release + Setup|Any CPU.ActiveCfg = Release|Any CPU
		{DDA7264E-C003-4E3A-B657-27EE2543F101}.Release + Setup|Any CPU.Build.0 = Release|Any CPU
		{DDA7264E-C003-4E3A-B657-27EE2543F101}.Release + Setup|Mixed Platforms.ActiveCfg = Release|Any CPU
		{DDA7264E-C003-4E3A-B657-27EE2543F101}.Release + Setup|Mixed Platforms.Build.0 = Release|Any CPU
		{DDA7264E-C003-4E3A-B657-27EE2543F101}.Release + Setup|x86.ActiveCfg = Release|Any CPU
		{DDA7264E-C003-4E3A-B657-27EE2543F101}.Release|Any CPU.ActiveCfg = Release|Any CPU
		{DDA7264E-C003-4E3A-B657-27EE2543F101}.Release|Any CPU.Build.0 = Release|Any CPU
		{DDA7264E-C003-4E3A-B657-27EE2543F101}.Release|Mixed Platforms.ActiveCfg = Release|Any CPU
		{DDA7264E-C003-4E3A-B657-27EE2543F101}.Release|Mixed Platforms.Build.0 = Release|Any CPU
		{DDA7264E-C003-4E3A-B657-27EE2543F101}.Release|x86.ActiveCfg = Release|Any CPU
		{6B23C0BE-C1CE-457A-B701-55870E355560}.Debug + Setup|Any CPU.ActiveCfg = Debug|Any CPU
		{6B23C0BE-C1CE-457A-B701-55870E355560}.Debug + Setup|Any CPU.Build.0 = Debug|Any CPU
		{6B23C0BE-C1CE-457A-B701-55870E355560}.Debug + Setup|Mixed Platforms.ActiveCfg = Debug|Any CPU
		{6B23C0BE-C1CE-457A-B701-55870E355560}.Debug + Setup|Mixed Platforms.Build.0 = Debug|Any CPU
		{6B23C0BE-C1CE-457A-B701-55870E355560}.Debug + Setup|x86.ActiveCfg = Debug|Any CPU
		{6B23C0BE-C1CE-457A-B701-55870E355560}.Debug|Any CPU.ActiveCfg = Debug|Any CPU
		{6B23C0BE-C1CE-457A-B701-55870E355560}.Debug|Any CPU.Build.0 = Debug|Any CPU
		{6B23C0BE-C1CE-457A-B701-55870E355560}.Debug|Mixed Platforms.ActiveCfg = Debug|Any CPU
		{6B23C0BE-C1CE-457A-B701-55870E355560}.Debug|Mixed Platforms.Build.0 = Debug|Any CPU
		{6B23C0BE-C1CE-457A-B701-55870E355560}.Debug|x86.ActiveCfg = Debug|Any CPU
		{6B23C0BE-C1CE-457A-B701-55870E355560}.Release + Setup|Any CPU.ActiveCfg = Release|Any CPU
		{6B23C0BE-C1CE-457A-B701-55870E355560}.Release + Setup|Any CPU.Build.0 = Release|Any CPU
		{6B23C0BE-C1CE-457A-B701-55870E355560}.Release + Setup|Mixed Platforms.ActiveCfg = Release|Any CPU
		{6B23C0BE-C1CE-457A-B701-55870E355560}.Release + Setup|Mixed Platforms.Build.0 = Release|Any CPU
		{6B23C0BE-C1CE-457A-B701-55870E355560}.Release + Setup|x86.ActiveCfg = Release|Any CPU
		{6B23C0BE-C1CE-457A-B701-55870E355560}.Release|Any CPU.ActiveCfg = Release|Any CPU
		{6B23C0BE-C1CE-457A-B701-55870E355560}.Release|Any CPU.Build.0 = Release|Any CPU
		{6B23C0BE-C1CE-457A-B701-55870E355560}.Release|Mixed Platforms.ActiveCfg = Release|Any CPU
		{6B23C0BE-C1CE-457A-B701-55870E355560}.Release|Mixed Platforms.Build.0 = Release|Any CPU
		{6B23C0BE-C1CE-457A-B701-55870E355560}.Release|x86.ActiveCfg = Release|Any CPU
		{90F750B3-64DB-493F-96A6-E68DE5EA60A1}.Debug + Setup|Any CPU.ActiveCfg = Debug|Any CPU
		{90F750B3-64DB-493F-96A6-E68DE5EA60A1}.Debug + Setup|Any CPU.Build.0 = Debug|Any CPU
		{90F750B3-64DB-493F-96A6-E68DE5EA60A1}.Debug + Setup|Mixed Platforms.ActiveCfg = Debug|Any CPU
		{90F750B3-64DB-493F-96A6-E68DE5EA60A1}.Debug + Setup|Mixed Platforms.Build.0 = Debug|Any CPU
		{90F750B3-64DB-493F-96A6-E68DE5EA60A1}.Debug + Setup|x86.ActiveCfg = Debug|Any CPU
		{90F750B3-64DB-493F-96A6-E68DE5EA60A1}.Debug|Any CPU.ActiveCfg = Debug|Any CPU
		{90F750B3-64DB-493F-96A6-E68DE5EA60A1}.Debug|Any CPU.Build.0 = Debug|Any CPU
		{90F750B3-64DB-493F-96A6-E68DE5EA60A1}.Debug|Mixed Platforms.ActiveCfg = Debug|Any CPU
		{90F750B3-64DB-493F-96A6-E68DE5EA60A1}.Debug|Mixed Platforms.Build.0 = Debug|Any CPU
		{90F750B3-64DB-493F-96A6-E68DE5EA60A1}.Debug|x86.ActiveCfg = Debug|Any CPU
		{90F750B3-64DB-493F-96A6-E68DE5EA60A1}.Release + Setup|Any CPU.ActiveCfg = Release|Any CPU
		{90F750B3-64DB-493F-96A6-E68DE5EA60A1}.Release + Setup|Any CPU.Build.0 = Release|Any CPU
		{90F750B3-64DB-493F-96A6-E68DE5EA60A1}.Release + Setup|Mixed Platforms.ActiveCfg = Release|Any CPU
		{90F750B3-64DB-493F-96A6-E68DE5EA60A1}.Release + Setup|Mixed Platforms.Build.0 = Release|Any CPU
		{90F750B3-64DB-493F-96A6-E68DE5EA60A1}.Release + Setup|x86.ActiveCfg = Release|Any CPU
		{90F750B3-64DB-493F-96A6-E68DE5EA60A1}.Release|Any CPU.ActiveCfg = Release|Any CPU
		{90F750B3-64DB-493F-96A6-E68DE5EA60A1}.Release|Any CPU.Build.0 = Release|Any CPU
		{90F750B3-64DB-493F-96A6-E68DE5EA60A1}.Release|Mixed Platforms.ActiveCfg = Release|Any CPU
		{90F750B3-64DB-493F-96A6-E68DE5EA60A1}.Release|Mixed Platforms.Build.0 = Release|Any CPU
		{90F750B3-64DB-493F-96A6-E68DE5EA60A1}.Release|x86.ActiveCfg = Release|Any CPU
		{F3FC11C7-8850-4874-9CF3-8BA4DE43959A}.Debug + Setup|Any CPU.ActiveCfg = Debug|x86
		{F3FC11C7-8850-4874-9CF3-8BA4DE43959A}.Debug + Setup|Mixed Platforms.ActiveCfg = Debug|x86
		{F3FC11C7-8850-4874-9CF3-8BA4DE43959A}.Debug + Setup|Mixed Platforms.Build.0 = Debug|x86
		{F3FC11C7-8850-4874-9CF3-8BA4DE43959A}.Debug + Setup|x86.ActiveCfg = Debug|x86
		{F3FC11C7-8850-4874-9CF3-8BA4DE43959A}.Debug + Setup|x86.Build.0 = Debug|x86
		{F3FC11C7-8850-4874-9CF3-8BA4DE43959A}.Debug|Any CPU.ActiveCfg = Debug|x86
		{F3FC11C7-8850-4874-9CF3-8BA4DE43959A}.Debug|Mixed Platforms.ActiveCfg = Debug|x86
		{F3FC11C7-8850-4874-9CF3-8BA4DE43959A}.Debug|x86.ActiveCfg = Debug|x86
		{F3FC11C7-8850-4874-9CF3-8BA4DE43959A}.Debug|x86.Build.0 = Debug|x86
		{F3FC11C7-8850-4874-9CF3-8BA4DE43959A}.Release + Setup|Any CPU.ActiveCfg = Release|x86
		{F3FC11C7-8850-4874-9CF3-8BA4DE43959A}.Release + Setup|Any CPU.Build.0 = Release|x86
		{F3FC11C7-8850-4874-9CF3-8BA4DE43959A}.Release + Setup|Mixed Platforms.ActiveCfg = Release|x86
		{F3FC11C7-8850-4874-9CF3-8BA4DE43959A}.Release + Setup|Mixed Platforms.Build.0 = Release|x86
		{F3FC11C7-8850-4874-9CF3-8BA4DE43959A}.Release + Setup|x86.ActiveCfg = Release|x86
		{F3FC11C7-8850-4874-9CF3-8BA4DE43959A}.Release + Setup|x86.Build.0 = Release|x86
		{F3FC11C7-8850-4874-9CF3-8BA4DE43959A}.Release|Any CPU.ActiveCfg = Release|x86
		{F3FC11C7-8850-4874-9CF3-8BA4DE43959A}.Release|Mixed Platforms.ActiveCfg = Release|x86
		{F3FC11C7-8850-4874-9CF3-8BA4DE43959A}.Release|x86.ActiveCfg = Release|x86
		{F3FC11C7-8850-4874-9CF3-8BA4DE43959A}.Release|x86.Build.0 = Release|x86
		{65DD367D-A89D-4F89-9231-2009EF0B31AF}.Debug + Setup|Any CPU.ActiveCfg = Debug|Any CPU
		{65DD367D-A89D-4F89-9231-2009EF0B31AF}.Debug + Setup|Any CPU.Build.0 = Debug|Any CPU
		{65DD367D-A89D-4F89-9231-2009EF0B31AF}.Debug + Setup|Mixed Platforms.ActiveCfg = Debug|Any CPU
		{65DD367D-A89D-4F89-9231-2009EF0B31AF}.Debug + Setup|Mixed Platforms.Build.0 = Debug|Any CPU
		{65DD367D-A89D-4F89-9231-2009EF0B31AF}.Debug + Setup|x86.ActiveCfg = Debug|Any CPU
		{65DD367D-A89D-4F89-9231-2009EF0B31AF}.Debug|Any CPU.ActiveCfg = Debug|Any CPU
		{65DD367D-A89D-4F89-9231-2009EF0B31AF}.Debug|Any CPU.Build.0 = Debug|Any CPU
		{65DD367D-A89D-4F89-9231-2009EF0B31AF}.Debug|Mixed Platforms.ActiveCfg = Debug|Any CPU
		{65DD367D-A89D-4F89-9231-2009EF0B31AF}.Debug|x86.ActiveCfg = Debug|Any CPU
		{65DD367D-A89D-4F89-9231-2009EF0B31AF}.Release + Setup|Any CPU.ActiveCfg = Release|Any CPU
		{65DD367D-A89D-4F89-9231-2009EF0B31AF}.Release + Setup|Any CPU.Build.0 = Release|Any CPU
		{65DD367D-A89D-4F89-9231-2009EF0B31AF}.Release + Setup|Mixed Platforms.ActiveCfg = Release|Any CPU
		{65DD367D-A89D-4F89-9231-2009EF0B31AF}.Release + Setup|Mixed Platforms.Build.0 = Release|Any CPU
		{65DD367D-A89D-4F89-9231-2009EF0B31AF}.Release + Setup|x86.ActiveCfg = Release|Any CPU
		{65DD367D-A89D-4F89-9231-2009EF0B31AF}.Release|Any CPU.ActiveCfg = Release|Any CPU
		{65DD367D-A89D-4F89-9231-2009EF0B31AF}.Release|Any CPU.Build.0 = Release|Any CPU
		{65DD367D-A89D-4F89-9231-2009EF0B31AF}.Release|Mixed Platforms.ActiveCfg = Release|Any CPU
		{65DD367D-A89D-4F89-9231-2009EF0B31AF}.Release|x86.ActiveCfg = Release|Any CPU
		{074C14ED-C574-46D2-B9DC-C1B5F65D9A69}.Debug + Setup|Any CPU.ActiveCfg = Debug|Any CPU
		{074C14ED-C574-46D2-B9DC-C1B5F65D9A69}.Debug + Setup|Any CPU.Build.0 = Debug|Any CPU
		{074C14ED-C574-46D2-B9DC-C1B5F65D9A69}.Debug + Setup|Mixed Platforms.ActiveCfg = Debug|Any CPU
		{074C14ED-C574-46D2-B9DC-C1B5F65D9A69}.Debug + Setup|Mixed Platforms.Build.0 = Debug|Any CPU
		{074C14ED-C574-46D2-B9DC-C1B5F65D9A69}.Debug + Setup|x86.ActiveCfg = Debug|Any CPU
		{074C14ED-C574-46D2-B9DC-C1B5F65D9A69}.Debug|Any CPU.ActiveCfg = Debug|Any CPU
		{074C14ED-C574-46D2-B9DC-C1B5F65D9A69}.Debug|Any CPU.Build.0 = Debug|Any CPU
		{074C14ED-C574-46D2-B9DC-C1B5F65D9A69}.Debug|Mixed Platforms.ActiveCfg = Debug|Any CPU
		{074C14ED-C574-46D2-B9DC-C1B5F65D9A69}.Debug|Mixed Platforms.Build.0 = Debug|Any CPU
		{074C14ED-C574-46D2-B9DC-C1B5F65D9A69}.Debug|x86.ActiveCfg = Debug|Any CPU
		{074C14ED-C574-46D2-B9DC-C1B5F65D9A69}.Release + Setup|Any CPU.ActiveCfg = Release|Any CPU
		{074C14ED-C574-46D2-B9DC-C1B5F65D9A69}.Release + Setup|Any CPU.Build.0 = Release|Any CPU
		{074C14ED-C574-46D2-B9DC-C1B5F65D9A69}.Release + Setup|Mixed Platforms.ActiveCfg = Release|Any CPU
		{074C14ED-C574-46D2-B9DC-C1B5F65D9A69}.Release + Setup|Mixed Platforms.Build.0 = Release|Any CPU
		{074C14ED-C574-46D2-B9DC-C1B5F65D9A69}.Release + Setup|x86.ActiveCfg = Release|Any CPU
		{074C14ED-C574-46D2-B9DC-C1B5F65D9A69}.Release|Any CPU.ActiveCfg = Release|Any CPU
		{074C14ED-C574-46D2-B9DC-C1B5F65D9A69}.Release|Any CPU.Build.0 = Release|Any CPU
		{074C14ED-C574-46D2-B9DC-C1B5F65D9A69}.Release|Mixed Platforms.ActiveCfg = Release|Any CPU
		{074C14ED-C574-46D2-B9DC-C1B5F65D9A69}.Release|Mixed Platforms.Build.0 = Release|Any CPU
		{074C14ED-C574-46D2-B9DC-C1B5F65D9A69}.Release|x86.ActiveCfg = Release|Any CPU
		{BA481E42-F570-4D2C-94D4-21C4CCE27762}.Debug + Setup|Any CPU.ActiveCfg = Debug|Any CPU
		{BA481E42-F570-4D2C-94D4-21C4CCE27762}.Debug + Setup|Any CPU.Build.0 = Debug|Any CPU
		{BA481E42-F570-4D2C-94D4-21C4CCE27762}.Debug + Setup|Mixed Platforms.ActiveCfg = Debug|Any CPU
		{BA481E42-F570-4D2C-94D4-21C4CCE27762}.Debug + Setup|Mixed Platforms.Build.0 = Debug|Any CPU
		{BA481E42-F570-4D2C-94D4-21C4CCE27762}.Debug + Setup|x86.ActiveCfg = Debug|Any CPU
		{BA481E42-F570-4D2C-94D4-21C4CCE27762}.Debug|Any CPU.ActiveCfg = Debug|Any CPU
		{BA481E42-F570-4D2C-94D4-21C4CCE27762}.Debug|Any CPU.Build.0 = Debug|Any CPU
		{BA481E42-F570-4D2C-94D4-21C4CCE27762}.Debug|Mixed Platforms.ActiveCfg = Debug|Any CPU
		{BA481E42-F570-4D2C-94D4-21C4CCE27762}.Debug|Mixed Platforms.Build.0 = Debug|Any CPU
		{BA481E42-F570-4D2C-94D4-21C4CCE27762}.Debug|x86.ActiveCfg = Debug|Any CPU
		{BA481E42-F570-4D2C-94D4-21C4CCE27762}.Release + Setup|Any CPU.ActiveCfg = Release|Any CPU
		{BA481E42-F570-4D2C-94D4-21C4CCE27762}.Release + Setup|Any CPU.Build.0 = Release|Any CPU
		{BA481E42-F570-4D2C-94D4-21C4CCE27762}.Release + Setup|Mixed Platforms.ActiveCfg = Release|Any CPU
		{BA481E42-F570-4D2C-94D4-21C4CCE27762}.Release + Setup|Mixed Platforms.Build.0 = Release|Any CPU
		{BA481E42-F570-4D2C-94D4-21C4CCE27762}.Release + Setup|x86.ActiveCfg = Release|Any CPU
		{BA481E42-F570-4D2C-94D4-21C4CCE27762}.Release|Any CPU.ActiveCfg = Release|Any CPU
		{BA481E42-F570-4D2C-94D4-21C4CCE27762}.Release|Any CPU.Build.0 = Release|Any CPU
		{BA481E42-F570-4D2C-94D4-21C4CCE27762}.Release|Mixed Platforms.ActiveCfg = Release|Any CPU
		{BA481E42-F570-4D2C-94D4-21C4CCE27762}.Release|Mixed Platforms.Build.0 = Release|Any CPU
		{BA481E42-F570-4D2C-94D4-21C4CCE27762}.Release|x86.ActiveCfg = Release|Any CPU
		{A4172CDD-C8FD-4C91-9AAF-54A948F26273}.Debug + Setup|Any CPU.ActiveCfg = Debug|Any CPU
		{A4172CDD-C8FD-4C91-9AAF-54A948F26273}.Debug + Setup|Any CPU.Build.0 = Debug|Any CPU
		{A4172CDD-C8FD-4C91-9AAF-54A948F26273}.Debug + Setup|Mixed Platforms.ActiveCfg = Debug|Any CPU
		{A4172CDD-C8FD-4C91-9AAF-54A948F26273}.Debug + Setup|Mixed Platforms.Build.0 = Debug|Any CPU
		{A4172CDD-C8FD-4C91-9AAF-54A948F26273}.Debug + Setup|x86.ActiveCfg = Debug|Any CPU
		{A4172CDD-C8FD-4C91-9AAF-54A948F26273}.Debug|Any CPU.ActiveCfg = Debug|Any CPU
		{A4172CDD-C8FD-4C91-9AAF-54A948F26273}.Debug|Any CPU.Build.0 = Debug|Any CPU
		{A4172CDD-C8FD-4C91-9AAF-54A948F26273}.Debug|Mixed Platforms.ActiveCfg = Debug|Any CPU
		{A4172CDD-C8FD-4C91-9AAF-54A948F26273}.Debug|Mixed Platforms.Build.0 = Debug|Any CPU
		{A4172CDD-C8FD-4C91-9AAF-54A948F26273}.Debug|x86.ActiveCfg = Debug|Any CPU
		{A4172CDD-C8FD-4C91-9AAF-54A948F26273}.Release + Setup|Any CPU.ActiveCfg = Release|Any CPU
		{A4172CDD-C8FD-4C91-9AAF-54A948F26273}.Release + Setup|Any CPU.Build.0 = Release|Any CPU
		{A4172CDD-C8FD-4C91-9AAF-54A948F26273}.Release + Setup|Mixed Platforms.ActiveCfg = Release|Any CPU
		{A4172CDD-C8FD-4C91-9AAF-54A948F26273}.Release + Setup|Mixed Platforms.Build.0 = Release|Any CPU
		{A4172CDD-C8FD-4C91-9AAF-54A948F26273}.Release + Setup|x86.ActiveCfg = Release|Any CPU
		{A4172CDD-C8FD-4C91-9AAF-54A948F26273}.Release|Any CPU.ActiveCfg = Release|Any CPU
		{A4172CDD-C8FD-4C91-9AAF-54A948F26273}.Release|Any CPU.Build.0 = Release|Any CPU
		{A4172CDD-C8FD-4C91-9AAF-54A948F26273}.Release|Mixed Platforms.ActiveCfg = Release|Any CPU
		{A4172CDD-C8FD-4C91-9AAF-54A948F26273}.Release|Mixed Platforms.Build.0 = Release|Any CPU
		{A4172CDD-C8FD-4C91-9AAF-54A948F26273}.Release|x86.ActiveCfg = Release|Any CPU
		{971B720E-2AE8-4EA4-B5CE-7A1AF11C3743}.Debug + Setup|Any CPU.ActiveCfg = Debug|Any CPU
		{971B720E-2AE8-4EA4-B5CE-7A1AF11C3743}.Debug + Setup|Any CPU.Build.0 = Debug|Any CPU
		{971B720E-2AE8-4EA4-B5CE-7A1AF11C3743}.Debug + Setup|Mixed Platforms.ActiveCfg = Debug|Any CPU
		{971B720E-2AE8-4EA4-B5CE-7A1AF11C3743}.Debug + Setup|Mixed Platforms.Build.0 = Debug|Any CPU
		{971B720E-2AE8-4EA4-B5CE-7A1AF11C3743}.Debug + Setup|x86.ActiveCfg = Debug|Any CPU
		{971B720E-2AE8-4EA4-B5CE-7A1AF11C3743}.Debug|Any CPU.ActiveCfg = Debug|Any CPU
		{971B720E-2AE8-4EA4-B5CE-7A1AF11C3743}.Debug|Any CPU.Build.0 = Debug|Any CPU
		{971B720E-2AE8-4EA4-B5CE-7A1AF11C3743}.Debug|Mixed Platforms.ActiveCfg = Debug|Any CPU
		{971B720E-2AE8-4EA4-B5CE-7A1AF11C3743}.Debug|Mixed Platforms.Build.0 = Debug|Any CPU
		{971B720E-2AE8-4EA4-B5CE-7A1AF11C3743}.Debug|x86.ActiveCfg = Debug|Any CPU
		{971B720E-2AE8-4EA4-B5CE-7A1AF11C3743}.Release + Setup|Any CPU.ActiveCfg = Release|Any CPU
		{971B720E-2AE8-4EA4-B5CE-7A1AF11C3743}.Release + Setup|Any CPU.Build.0 = Release|Any CPU
		{971B720E-2AE8-4EA4-B5CE-7A1AF11C3743}.Release + Setup|Mixed Platforms.ActiveCfg = Release|Any CPU
		{971B720E-2AE8-4EA4-B5CE-7A1AF11C3743}.Release + Setup|Mixed Platforms.Build.0 = Release|Any CPU
		{971B720E-2AE8-4EA4-B5CE-7A1AF11C3743}.Release + Setup|x86.ActiveCfg = Release|Any CPU
		{971B720E-2AE8-4EA4-B5CE-7A1AF11C3743}.Release|Any CPU.ActiveCfg = Release|Any CPU
		{971B720E-2AE8-4EA4-B5CE-7A1AF11C3743}.Release|Any CPU.Build.0 = Release|Any CPU
		{971B720E-2AE8-4EA4-B5CE-7A1AF11C3743}.Release|Mixed Platforms.ActiveCfg = Release|Any CPU
		{971B720E-2AE8-4EA4-B5CE-7A1AF11C3743}.Release|Mixed Platforms.Build.0 = Release|Any CPU
		{971B720E-2AE8-4EA4-B5CE-7A1AF11C3743}.Release|x86.ActiveCfg = Release|Any CPU
		{8DA15060-5A78-4F89-A9F1-7AA56B0D622C}.Debug + Setup|Any CPU.ActiveCfg = Debug|Any CPU
		{8DA15060-5A78-4F89-A9F1-7AA56B0D622C}.Debug + Setup|Any CPU.Build.0 = Debug|Any CPU
		{8DA15060-5A78-4F89-A9F1-7AA56B0D622C}.Debug + Setup|Mixed Platforms.ActiveCfg = Debug|Any CPU
		{8DA15060-5A78-4F89-A9F1-7AA56B0D622C}.Debug + Setup|Mixed Platforms.Build.0 = Debug|Any CPU
		{8DA15060-5A78-4F89-A9F1-7AA56B0D622C}.Debug + Setup|x86.ActiveCfg = Debug|Any CPU
		{8DA15060-5A78-4F89-A9F1-7AA56B0D622C}.Debug|Any CPU.ActiveCfg = Debug|Any CPU
		{8DA15060-5A78-4F89-A9F1-7AA56B0D622C}.Debug|Any CPU.Build.0 = Debug|Any CPU
		{8DA15060-5A78-4F89-A9F1-7AA56B0D622C}.Debug|Mixed Platforms.ActiveCfg = Debug|Any CPU
		{8DA15060-5A78-4F89-A9F1-7AA56B0D622C}.Debug|Mixed Platforms.Build.0 = Debug|Any CPU
		{8DA15060-5A78-4F89-A9F1-7AA56B0D622C}.Debug|x86.ActiveCfg = Debug|Any CPU
		{8DA15060-5A78-4F89-A9F1-7AA56B0D622C}.Release + Setup|Any CPU.ActiveCfg = Release|Any CPU
		{8DA15060-5A78-4F89-A9F1-7AA56B0D622C}.Release + Setup|Any CPU.Build.0 = Release|Any CPU
		{8DA15060-5A78-4F89-A9F1-7AA56B0D622C}.Release + Setup|Mixed Platforms.ActiveCfg = Release|Any CPU
		{8DA15060-5A78-4F89-A9F1-7AA56B0D622C}.Release + Setup|Mixed Platforms.Build.0 = Release|Any CPU
		{8DA15060-5A78-4F89-A9F1-7AA56B0D622C}.Release + Setup|x86.ActiveCfg = Release|Any CPU
		{8DA15060-5A78-4F89-A9F1-7AA56B0D622C}.Release|Any CPU.ActiveCfg = Release|Any CPU
		{8DA15060-5A78-4F89-A9F1-7AA56B0D622C}.Release|Any CPU.Build.0 = Release|Any CPU
		{8DA15060-5A78-4F89-A9F1-7AA56B0D622C}.Release|Mixed Platforms.ActiveCfg = Release|Any CPU
		{8DA15060-5A78-4F89-A9F1-7AA56B0D622C}.Release|Mixed Platforms.Build.0 = Release|Any CPU
		{8DA15060-5A78-4F89-A9F1-7AA56B0D622C}.Release|x86.ActiveCfg = Release|Any CPU
		{3A053F34-4EDF-4071-B966-923255A0AE14}.Debug + Setup|Any CPU.ActiveCfg = Debug|Any CPU
		{3A053F34-4EDF-4071-B966-923255A0AE14}.Debug + Setup|Any CPU.Build.0 = Debug|Any CPU
		{3A053F34-4EDF-4071-B966-923255A0AE14}.Debug + Setup|Mixed Platforms.ActiveCfg = Debug|Any CPU
		{3A053F34-4EDF-4071-B966-923255A0AE14}.Debug + Setup|Mixed Platforms.Build.0 = Debug|Any CPU
		{3A053F34-4EDF-4071-B966-923255A0AE14}.Debug + Setup|x86.ActiveCfg = Debug|Any CPU
		{3A053F34-4EDF-4071-B966-923255A0AE14}.Debug|Any CPU.ActiveCfg = Debug|Any CPU
		{3A053F34-4EDF-4071-B966-923255A0AE14}.Debug|Any CPU.Build.0 = Debug|Any CPU
		{3A053F34-4EDF-4071-B966-923255A0AE14}.Debug|Mixed Platforms.ActiveCfg = Debug|Any CPU
		{3A053F34-4EDF-4071-B966-923255A0AE14}.Debug|Mixed Platforms.Build.0 = Debug|Any CPU
		{3A053F34-4EDF-4071-B966-923255A0AE14}.Debug|x86.ActiveCfg = Debug|Any CPU
		{3A053F34-4EDF-4071-B966-923255A0AE14}.Release + Setup|Any CPU.ActiveCfg = Release|Any CPU
		{3A053F34-4EDF-4071-B966-923255A0AE14}.Release + Setup|Any CPU.Build.0 = Release|Any CPU
		{3A053F34-4EDF-4071-B966-923255A0AE14}.Release + Setup|Mixed Platforms.ActiveCfg = Release|Any CPU
		{3A053F34-4EDF-4071-B966-923255A0AE14}.Release + Setup|Mixed Platforms.Build.0 = Release|Any CPU
		{3A053F34-4EDF-4071-B966-923255A0AE14}.Release + Setup|x86.ActiveCfg = Release|Any CPU
		{3A053F34-4EDF-4071-B966-923255A0AE14}.Release|Any CPU.ActiveCfg = Release|Any CPU
		{3A053F34-4EDF-4071-B966-923255A0AE14}.Release|Any CPU.Build.0 = Release|Any CPU
		{3A053F34-4EDF-4071-B966-923255A0AE14}.Release|Mixed Platforms.ActiveCfg = Release|Any CPU
		{3A053F34-4EDF-4071-B966-923255A0AE14}.Release|Mixed Platforms.Build.0 = Release|Any CPU
		{3A053F34-4EDF-4071-B966-923255A0AE14}.Release|x86.ActiveCfg = Release|Any CPU
		{76346905-AC2F-4F01-BA99-BBFFBB2A6FE9}.Debug + Setup|Any CPU.ActiveCfg = Debug|Any CPU
		{76346905-AC2F-4F01-BA99-BBFFBB2A6FE9}.Debug + Setup|Any CPU.Build.0 = Debug|Any CPU
		{76346905-AC2F-4F01-BA99-BBFFBB2A6FE9}.Debug + Setup|Mixed Platforms.ActiveCfg = Debug|Any CPU
		{76346905-AC2F-4F01-BA99-BBFFBB2A6FE9}.Debug + Setup|Mixed Platforms.Build.0 = Debug|Any CPU
		{76346905-AC2F-4F01-BA99-BBFFBB2A6FE9}.Debug + Setup|x86.ActiveCfg = Debug|Any CPU
		{76346905-AC2F-4F01-BA99-BBFFBB2A6FE9}.Debug|Any CPU.ActiveCfg = Debug|Any CPU
		{76346905-AC2F-4F01-BA99-BBFFBB2A6FE9}.Debug|Any CPU.Build.0 = Debug|Any CPU
		{76346905-AC2F-4F01-BA99-BBFFBB2A6FE9}.Debug|Mixed Platforms.ActiveCfg = Debug|Any CPU
		{76346905-AC2F-4F01-BA99-BBFFBB2A6FE9}.Debug|Mixed Platforms.Build.0 = Debug|Any CPU
		{76346905-AC2F-4F01-BA99-BBFFBB2A6FE9}.Debug|x86.ActiveCfg = Debug|Any CPU
		{76346905-AC2F-4F01-BA99-BBFFBB2A6FE9}.Release + Setup|Any CPU.ActiveCfg = Release|Any CPU
		{76346905-AC2F-4F01-BA99-BBFFBB2A6FE9}.Release + Setup|Any CPU.Build.0 = Release|Any CPU
		{76346905-AC2F-4F01-BA99-BBFFBB2A6FE9}.Release + Setup|Mixed Platforms.ActiveCfg = Release|Any CPU
		{76346905-AC2F-4F01-BA99-BBFFBB2A6FE9}.Release + Setup|Mixed Platforms.Build.0 = Release|Any CPU
		{76346905-AC2F-4F01-BA99-BBFFBB2A6FE9}.Release + Setup|x86.ActiveCfg = Release|Any CPU
		{76346905-AC2F-4F01-BA99-BBFFBB2A6FE9}.Release|Any CPU.ActiveCfg = Release|Any CPU
		{76346905-AC2F-4F01-BA99-BBFFBB2A6FE9}.Release|Any CPU.Build.0 = Release|Any CPU
		{76346905-AC2F-4F01-BA99-BBFFBB2A6FE9}.Release|Mixed Platforms.ActiveCfg = Release|Any CPU
		{76346905-AC2F-4F01-BA99-BBFFBB2A6FE9}.Release|Mixed Platforms.Build.0 = Release|Any CPU
		{76346905-AC2F-4F01-BA99-BBFFBB2A6FE9}.Release|x86.ActiveCfg = Release|Any CPU
		{B91C438D-0333-4D06-86CD-74CE82DF6F40}.Debug + Setup|Any CPU.ActiveCfg = Debug|Any CPU
		{B91C438D-0333-4D06-86CD-74CE82DF6F40}.Debug + Setup|Any CPU.Build.0 = Debug|Any CPU
		{B91C438D-0333-4D06-86CD-74CE82DF6F40}.Debug + Setup|Mixed Platforms.ActiveCfg = Debug|Any CPU
		{B91C438D-0333-4D06-86CD-74CE82DF6F40}.Debug + Setup|Mixed Platforms.Build.0 = Debug|Any CPU
		{B91C438D-0333-4D06-86CD-74CE82DF6F40}.Debug + Setup|x86.ActiveCfg = Debug|Any CPU
		{B91C438D-0333-4D06-86CD-74CE82DF6F40}.Debug|Any CPU.ActiveCfg = Debug|Any CPU
		{B91C438D-0333-4D06-86CD-74CE82DF6F40}.Debug|Any CPU.Build.0 = Debug|Any CPU
		{B91C438D-0333-4D06-86CD-74CE82DF6F40}.Debug|Mixed Platforms.ActiveCfg = Debug|Any CPU
		{B91C438D-0333-4D06-86CD-74CE82DF6F40}.Debug|Mixed Platforms.Build.0 = Debug|Any CPU
		{B91C438D-0333-4D06-86CD-74CE82DF6F40}.Debug|x86.ActiveCfg = Debug|Any CPU
		{B91C438D-0333-4D06-86CD-74CE82DF6F40}.Release + Setup|Any CPU.ActiveCfg = Release|Any CPU
		{B91C438D-0333-4D06-86CD-74CE82DF6F40}.Release + Setup|Any CPU.Build.0 = Release|Any CPU
		{B91C438D-0333-4D06-86CD-74CE82DF6F40}.Release + Setup|Mixed Platforms.ActiveCfg = Release|Any CPU
		{B91C438D-0333-4D06-86CD-74CE82DF6F40}.Release + Setup|Mixed Platforms.Build.0 = Release|Any CPU
		{B91C438D-0333-4D06-86CD-74CE82DF6F40}.Release + Setup|x86.ActiveCfg = Release|Any CPU
		{B91C438D-0333-4D06-86CD-74CE82DF6F40}.Release|Any CPU.ActiveCfg = Release|Any CPU
		{B91C438D-0333-4D06-86CD-74CE82DF6F40}.Release|Any CPU.Build.0 = Release|Any CPU
		{B91C438D-0333-4D06-86CD-74CE82DF6F40}.Release|Mixed Platforms.ActiveCfg = Release|Any CPU
		{B91C438D-0333-4D06-86CD-74CE82DF6F40}.Release|Mixed Platforms.Build.0 = Release|Any CPU
		{B91C438D-0333-4D06-86CD-74CE82DF6F40}.Release|x86.ActiveCfg = Release|Any CPU
		{36B8E0A1-F1B1-498D-8FE7-A39BB7FD68CA}.Debug + Setup|Any CPU.ActiveCfg = Debug|Any CPU
		{36B8E0A1-F1B1-498D-8FE7-A39BB7FD68CA}.Debug + Setup|Any CPU.Build.0 = Debug|Any CPU
		{36B8E0A1-F1B1-498D-8FE7-A39BB7FD68CA}.Debug + Setup|Mixed Platforms.ActiveCfg = Debug|Any CPU
		{36B8E0A1-F1B1-498D-8FE7-A39BB7FD68CA}.Debug + Setup|Mixed Platforms.Build.0 = Debug|Any CPU
		{36B8E0A1-F1B1-498D-8FE7-A39BB7FD68CA}.Debug + Setup|x86.ActiveCfg = Debug|Any CPU
		{36B8E0A1-F1B1-498D-8FE7-A39BB7FD68CA}.Debug|Any CPU.ActiveCfg = Debug|Any CPU
		{36B8E0A1-F1B1-498D-8FE7-A39BB7FD68CA}.Debug|Any CPU.Build.0 = Debug|Any CPU
		{36B8E0A1-F1B1-498D-8FE7-A39BB7FD68CA}.Debug|Mixed Platforms.ActiveCfg = Debug|Any CPU
		{36B8E0A1-F1B1-498D-8FE7-A39BB7FD68CA}.Debug|Mixed Platforms.Build.0 = Debug|Any CPU
		{36B8E0A1-F1B1-498D-8FE7-A39BB7FD68CA}.Debug|x86.ActiveCfg = Debug|Any CPU
		{36B8E0A1-F1B1-498D-8FE7-A39BB7FD68CA}.Release + Setup|Any CPU.ActiveCfg = Release|Any CPU
		{36B8E0A1-F1B1-498D-8FE7-A39BB7FD68CA}.Release + Setup|Any CPU.Build.0 = Release|Any CPU
		{36B8E0A1-F1B1-498D-8FE7-A39BB7FD68CA}.Release + Setup|Mixed Platforms.ActiveCfg = Release|Any CPU
		{36B8E0A1-F1B1-498D-8FE7-A39BB7FD68CA}.Release + Setup|Mixed Platforms.Build.0 = Release|Any CPU
		{36B8E0A1-F1B1-498D-8FE7-A39BB7FD68CA}.Release + Setup|x86.ActiveCfg = Release|Any CPU
		{36B8E0A1-F1B1-498D-8FE7-A39BB7FD68CA}.Release|Any CPU.ActiveCfg = Release|Any CPU
		{36B8E0A1-F1B1-498D-8FE7-A39BB7FD68CA}.Release|Any CPU.Build.0 = Release|Any CPU
		{36B8E0A1-F1B1-498D-8FE7-A39BB7FD68CA}.Release|Mixed Platforms.ActiveCfg = Release|Any CPU
		{36B8E0A1-F1B1-498D-8FE7-A39BB7FD68CA}.Release|Mixed Platforms.Build.0 = Release|Any CPU
		{36B8E0A1-F1B1-498D-8FE7-A39BB7FD68CA}.Release|x86.ActiveCfg = Release|Any CPU
		{E1748F45-DD50-4479-96F6-F7EBA6F3E28B}.Debug + Setup|Any CPU.ActiveCfg = Debug|Any CPU
		{E1748F45-DD50-4479-96F6-F7EBA6F3E28B}.Debug + Setup|Any CPU.Build.0 = Debug|Any CPU
		{E1748F45-DD50-4479-96F6-F7EBA6F3E28B}.Debug + Setup|Mixed Platforms.ActiveCfg = Debug|Any CPU
		{E1748F45-DD50-4479-96F6-F7EBA6F3E28B}.Debug + Setup|Mixed Platforms.Build.0 = Debug|Any CPU
		{E1748F45-DD50-4479-96F6-F7EBA6F3E28B}.Debug + Setup|x86.ActiveCfg = Debug|Any CPU
		{E1748F45-DD50-4479-96F6-F7EBA6F3E28B}.Debug|Any CPU.ActiveCfg = Debug|Any CPU
		{E1748F45-DD50-4479-96F6-F7EBA6F3E28B}.Debug|Any CPU.Build.0 = Debug|Any CPU
		{E1748F45-DD50-4479-96F6-F7EBA6F3E28B}.Debug|Mixed Platforms.ActiveCfg = Debug|Any CPU
		{E1748F45-DD50-4479-96F6-F7EBA6F3E28B}.Debug|Mixed Platforms.Build.0 = Debug|Any CPU
		{E1748F45-DD50-4479-96F6-F7EBA6F3E28B}.Debug|x86.ActiveCfg = Debug|Any CPU
		{E1748F45-DD50-4479-96F6-F7EBA6F3E28B}.Release + Setup|Any CPU.ActiveCfg = Release|Any CPU
		{E1748F45-DD50-4479-96F6-F7EBA6F3E28B}.Release + Setup|Any CPU.Build.0 = Release|Any CPU
		{E1748F45-DD50-4479-96F6-F7EBA6F3E28B}.Release + Setup|Mixed Platforms.ActiveCfg = Release|Any CPU
		{E1748F45-DD50-4479-96F6-F7EBA6F3E28B}.Release + Setup|Mixed Platforms.Build.0 = Release|Any CPU
		{E1748F45-DD50-4479-96F6-F7EBA6F3E28B}.Release + Setup|x86.ActiveCfg = Release|Any CPU
		{E1748F45-DD50-4479-96F6-F7EBA6F3E28B}.Release|Any CPU.ActiveCfg = Release|Any CPU
		{E1748F45-DD50-4479-96F6-F7EBA6F3E28B}.Release|Any CPU.Build.0 = Release|Any CPU
		{E1748F45-DD50-4479-96F6-F7EBA6F3E28B}.Release|Mixed Platforms.ActiveCfg = Release|Any CPU
		{E1748F45-DD50-4479-96F6-F7EBA6F3E28B}.Release|Mixed Platforms.Build.0 = Release|Any CPU
		{E1748F45-DD50-4479-96F6-F7EBA6F3E28B}.Release|x86.ActiveCfg = Release|Any CPU
		{8986CD52-0C65-42D6-9C47-20FF47CF87BB}.Debug + Setup|Any CPU.ActiveCfg = Debug|Any CPU
		{8986CD52-0C65-42D6-9C47-20FF47CF87BB}.Debug + Setup|Any CPU.Build.0 = Debug|Any CPU
		{8986CD52-0C65-42D6-9C47-20FF47CF87BB}.Debug + Setup|Mixed Platforms.ActiveCfg = Debug|Any CPU
		{8986CD52-0C65-42D6-9C47-20FF47CF87BB}.Debug + Setup|Mixed Platforms.Build.0 = Debug|Any CPU
		{8986CD52-0C65-42D6-9C47-20FF47CF87BB}.Debug + Setup|x86.ActiveCfg = Debug|Any CPU
		{8986CD52-0C65-42D6-9C47-20FF47CF87BB}.Debug|Any CPU.ActiveCfg = Debug|Any CPU
		{8986CD52-0C65-42D6-9C47-20FF47CF87BB}.Debug|Any CPU.Build.0 = Debug|Any CPU
		{8986CD52-0C65-42D6-9C47-20FF47CF87BB}.Debug|Mixed Platforms.ActiveCfg = Debug|Any CPU
		{8986CD52-0C65-42D6-9C47-20FF47CF87BB}.Debug|Mixed Platforms.Build.0 = Debug|Any CPU
		{8986CD52-0C65-42D6-9C47-20FF47CF87BB}.Debug|x86.ActiveCfg = Debug|Any CPU
		{8986CD52-0C65-42D6-9C47-20FF47CF87BB}.Release + Setup|Any CPU.ActiveCfg = Release|Any CPU
		{8986CD52-0C65-42D6-9C47-20FF47CF87BB}.Release + Setup|Any CPU.Build.0 = Release|Any CPU
		{8986CD52-0C65-42D6-9C47-20FF47CF87BB}.Release + Setup|Mixed Platforms.ActiveCfg = Release|Any CPU
		{8986CD52-0C65-42D6-9C47-20FF47CF87BB}.Release + Setup|Mixed Platforms.Build.0 = Release|Any CPU
		{8986CD52-0C65-42D6-9C47-20FF47CF87BB}.Release + Setup|x86.ActiveCfg = Release|Any CPU
		{8986CD52-0C65-42D6-9C47-20FF47CF87BB}.Release|Any CPU.ActiveCfg = Release|Any CPU
		{8986CD52-0C65-42D6-9C47-20FF47CF87BB}.Release|Any CPU.Build.0 = Release|Any CPU
		{8986CD52-0C65-42D6-9C47-20FF47CF87BB}.Release|Mixed Platforms.ActiveCfg = Release|Any CPU
		{8986CD52-0C65-42D6-9C47-20FF47CF87BB}.Release|Mixed Platforms.Build.0 = Release|Any CPU
		{8986CD52-0C65-42D6-9C47-20FF47CF87BB}.Release|x86.ActiveCfg = Release|Any CPU
		{5A171DBB-855C-452B-93C6-229C7AA6C7A6}.Debug + Setup|Any CPU.ActiveCfg = Debug|Any CPU
		{5A171DBB-855C-452B-93C6-229C7AA6C7A6}.Debug + Setup|Any CPU.Build.0 = Debug|Any CPU
		{5A171DBB-855C-452B-93C6-229C7AA6C7A6}.Debug + Setup|Mixed Platforms.ActiveCfg = Debug|Any CPU
		{5A171DBB-855C-452B-93C6-229C7AA6C7A6}.Debug + Setup|Mixed Platforms.Build.0 = Debug|Any CPU
		{5A171DBB-855C-452B-93C6-229C7AA6C7A6}.Debug + Setup|x86.ActiveCfg = Debug|Any CPU
		{5A171DBB-855C-452B-93C6-229C7AA6C7A6}.Debug + Setup|x86.Build.0 = Debug|Any CPU
		{5A171DBB-855C-452B-93C6-229C7AA6C7A6}.Debug|Any CPU.ActiveCfg = Debug|Any CPU
		{5A171DBB-855C-452B-93C6-229C7AA6C7A6}.Debug|Any CPU.Build.0 = Debug|Any CPU
		{5A171DBB-855C-452B-93C6-229C7AA6C7A6}.Debug|Mixed Platforms.ActiveCfg = Debug|Any CPU
		{5A171DBB-855C-452B-93C6-229C7AA6C7A6}.Debug|Mixed Platforms.Build.0 = Debug|Any CPU
		{5A171DBB-855C-452B-93C6-229C7AA6C7A6}.Debug|x86.ActiveCfg = Debug|Any CPU
		{5A171DBB-855C-452B-93C6-229C7AA6C7A6}.Debug|x86.Build.0 = Debug|Any CPU
		{5A171DBB-855C-452B-93C6-229C7AA6C7A6}.Release + Setup|Any CPU.ActiveCfg = Release|Any CPU
		{5A171DBB-855C-452B-93C6-229C7AA6C7A6}.Release + Setup|Any CPU.Build.0 = Release|Any CPU
		{5A171DBB-855C-452B-93C6-229C7AA6C7A6}.Release + Setup|Mixed Platforms.ActiveCfg = Release|Any CPU
		{5A171DBB-855C-452B-93C6-229C7AA6C7A6}.Release + Setup|Mixed Platforms.Build.0 = Release|Any CPU
		{5A171DBB-855C-452B-93C6-229C7AA6C7A6}.Release + Setup|x86.ActiveCfg = Release|Any CPU
		{5A171DBB-855C-452B-93C6-229C7AA6C7A6}.Release + Setup|x86.Build.0 = Release|Any CPU
		{5A171DBB-855C-452B-93C6-229C7AA6C7A6}.Release|Any CPU.ActiveCfg = Release|Any CPU
		{5A171DBB-855C-452B-93C6-229C7AA6C7A6}.Release|Any CPU.Build.0 = Release|Any CPU
		{5A171DBB-855C-452B-93C6-229C7AA6C7A6}.Release|Mixed Platforms.ActiveCfg = Release|Any CPU
		{5A171DBB-855C-452B-93C6-229C7AA6C7A6}.Release|Mixed Platforms.Build.0 = Release|Any CPU
		{5A171DBB-855C-452B-93C6-229C7AA6C7A6}.Release|x86.ActiveCfg = Release|Any CPU
		{5A171DBB-855C-452B-93C6-229C7AA6C7A6}.Release|x86.Build.0 = Release|Any CPU
		{004C3829-FED4-4084-B23B-871193AFA8C7}.Debug + Setup|Any CPU.ActiveCfg = Debug|Any CPU
		{004C3829-FED4-4084-B23B-871193AFA8C7}.Debug + Setup|Any CPU.Build.0 = Debug|Any CPU
		{004C3829-FED4-4084-B23B-871193AFA8C7}.Debug + Setup|Mixed Platforms.ActiveCfg = Debug|Any CPU
		{004C3829-FED4-4084-B23B-871193AFA8C7}.Debug + Setup|Mixed Platforms.Build.0 = Debug|Any CPU
		{004C3829-FED4-4084-B23B-871193AFA8C7}.Debug + Setup|x86.ActiveCfg = Debug|Any CPU
		{004C3829-FED4-4084-B23B-871193AFA8C7}.Debug + Setup|x86.Build.0 = Debug|Any CPU
		{004C3829-FED4-4084-B23B-871193AFA8C7}.Debug|Any CPU.ActiveCfg = Debug|Any CPU
		{004C3829-FED4-4084-B23B-871193AFA8C7}.Debug|Any CPU.Build.0 = Debug|Any CPU
		{004C3829-FED4-4084-B23B-871193AFA8C7}.Debug|Mixed Platforms.ActiveCfg = Debug|Any CPU
		{004C3829-FED4-4084-B23B-871193AFA8C7}.Debug|Mixed Platforms.Build.0 = Debug|Any CPU
		{004C3829-FED4-4084-B23B-871193AFA8C7}.Debug|x86.ActiveCfg = Debug|Any CPU
		{004C3829-FED4-4084-B23B-871193AFA8C7}.Debug|x86.Build.0 = Debug|Any CPU
		{004C3829-FED4-4084-B23B-871193AFA8C7}.Release + Setup|Any CPU.ActiveCfg = Release|Any CPU
		{004C3829-FED4-4084-B23B-871193AFA8C7}.Release + Setup|Any CPU.Build.0 = Release|Any CPU
		{004C3829-FED4-4084-B23B-871193AFA8C7}.Release + Setup|Mixed Platforms.ActiveCfg = Release|Any CPU
		{004C3829-FED4-4084-B23B-871193AFA8C7}.Release + Setup|Mixed Platforms.Build.0 = Release|Any CPU
		{004C3829-FED4-4084-B23B-871193AFA8C7}.Release + Setup|x86.ActiveCfg = Release|Any CPU
		{004C3829-FED4-4084-B23B-871193AFA8C7}.Release + Setup|x86.Build.0 = Release|Any CPU
		{004C3829-FED4-4084-B23B-871193AFA8C7}.Release|Any CPU.ActiveCfg = Release|Any CPU
		{004C3829-FED4-4084-B23B-871193AFA8C7}.Release|Any CPU.Build.0 = Release|Any CPU
		{004C3829-FED4-4084-B23B-871193AFA8C7}.Release|Mixed Platforms.ActiveCfg = Release|Any CPU
		{004C3829-FED4-4084-B23B-871193AFA8C7}.Release|Mixed Platforms.Build.0 = Release|Any CPU
		{004C3829-FED4-4084-B23B-871193AFA8C7}.Release|x86.ActiveCfg = Release|Any CPU
		{004C3829-FED4-4084-B23B-871193AFA8C7}.Release|x86.Build.0 = Release|Any CPU
		{968C6EEB-1E79-446A-96AE-69CB225E1C37}.Debug + Setup|Any CPU.ActiveCfg = Debug|Any CPU
		{968C6EEB-1E79-446A-96AE-69CB225E1C37}.Debug + Setup|Any CPU.Build.0 = Debug|Any CPU
		{968C6EEB-1E79-446A-96AE-69CB225E1C37}.Debug + Setup|Mixed Platforms.ActiveCfg = Debug|Any CPU
		{968C6EEB-1E79-446A-96AE-69CB225E1C37}.Debug + Setup|Mixed Platforms.Build.0 = Debug|Any CPU
		{968C6EEB-1E79-446A-96AE-69CB225E1C37}.Debug + Setup|x86.ActiveCfg = Debug|Any CPU
		{968C6EEB-1E79-446A-96AE-69CB225E1C37}.Debug + Setup|x86.Build.0 = Debug|Any CPU
		{968C6EEB-1E79-446A-96AE-69CB225E1C37}.Debug|Any CPU.ActiveCfg = Debug|Any CPU
		{968C6EEB-1E79-446A-96AE-69CB225E1C37}.Debug|Any CPU.Build.0 = Debug|Any CPU
		{968C6EEB-1E79-446A-96AE-69CB225E1C37}.Debug|Mixed Platforms.ActiveCfg = Debug|Any CPU
		{968C6EEB-1E79-446A-96AE-69CB225E1C37}.Debug|Mixed Platforms.Build.0 = Debug|Any CPU
		{968C6EEB-1E79-446A-96AE-69CB225E1C37}.Debug|x86.ActiveCfg = Debug|Any CPU
		{968C6EEB-1E79-446A-96AE-69CB225E1C37}.Debug|x86.Build.0 = Debug|Any CPU
		{968C6EEB-1E79-446A-96AE-69CB225E1C37}.Release + Setup|Any CPU.ActiveCfg = Release|Any CPU
		{968C6EEB-1E79-446A-96AE-69CB225E1C37}.Release + Setup|Any CPU.Build.0 = Release|Any CPU
		{968C6EEB-1E79-446A-96AE-69CB225E1C37}.Release + Setup|Mixed Platforms.ActiveCfg = Release|Any CPU
		{968C6EEB-1E79-446A-96AE-69CB225E1C37}.Release + Setup|Mixed Platforms.Build.0 = Release|Any CPU
		{968C6EEB-1E79-446A-96AE-69CB225E1C37}.Release + Setup|x86.ActiveCfg = Release|Any CPU
		{968C6EEB-1E79-446A-96AE-69CB225E1C37}.Release + Setup|x86.Build.0 = Release|Any CPU
		{968C6EEB-1E79-446A-96AE-69CB225E1C37}.Release|Any CPU.ActiveCfg = Release|Any CPU
		{968C6EEB-1E79-446A-96AE-69CB225E1C37}.Release|Any CPU.Build.0 = Release|Any CPU
		{968C6EEB-1E79-446A-96AE-69CB225E1C37}.Release|Mixed Platforms.ActiveCfg = Release|Any CPU
		{968C6EEB-1E79-446A-96AE-69CB225E1C37}.Release|Mixed Platforms.Build.0 = Release|Any CPU
		{968C6EEB-1E79-446A-96AE-69CB225E1C37}.Release|x86.ActiveCfg = Release|Any CPU
		{968C6EEB-1E79-446A-96AE-69CB225E1C37}.Release|x86.Build.0 = Release|Any CPU
		{8C3814BF-9482-41C2-BA1A-CBA59F5C2ED4}.Debug + Setup|Any CPU.ActiveCfg = Debug|Any CPU
		{8C3814BF-9482-41C2-BA1A-CBA59F5C2ED4}.Debug + Setup|Any CPU.Build.0 = Debug|Any CPU
		{8C3814BF-9482-41C2-BA1A-CBA59F5C2ED4}.Debug + Setup|Mixed Platforms.ActiveCfg = Debug|Any CPU
		{8C3814BF-9482-41C2-BA1A-CBA59F5C2ED4}.Debug + Setup|Mixed Platforms.Build.0 = Debug|Any CPU
		{8C3814BF-9482-41C2-BA1A-CBA59F5C2ED4}.Debug + Setup|x86.ActiveCfg = Debug|Any CPU
		{8C3814BF-9482-41C2-BA1A-CBA59F5C2ED4}.Debug + Setup|x86.Build.0 = Debug|Any CPU
		{8C3814BF-9482-41C2-BA1A-CBA59F5C2ED4}.Debug|Any CPU.ActiveCfg = Debug|Any CPU
		{8C3814BF-9482-41C2-BA1A-CBA59F5C2ED4}.Debug|Any CPU.Build.0 = Debug|Any CPU
		{8C3814BF-9482-41C2-BA1A-CBA59F5C2ED4}.Debug|Mixed Platforms.ActiveCfg = Debug|Any CPU
		{8C3814BF-9482-41C2-BA1A-CBA59F5C2ED4}.Debug|Mixed Platforms.Build.0 = Debug|Any CPU
		{8C3814BF-9482-41C2-BA1A-CBA59F5C2ED4}.Debug|x86.ActiveCfg = Debug|Any CPU
		{8C3814BF-9482-41C2-BA1A-CBA59F5C2ED4}.Debug|x86.Build.0 = Debug|Any CPU
		{8C3814BF-9482-41C2-BA1A-CBA59F5C2ED4}.Release + Setup|Any CPU.ActiveCfg = Release|Any CPU
		{8C3814BF-9482-41C2-BA1A-CBA59F5C2ED4}.Release + Setup|Any CPU.Build.0 = Release|Any CPU
		{8C3814BF-9482-41C2-BA1A-CBA59F5C2ED4}.Release + Setup|Mixed Platforms.ActiveCfg = Release|Any CPU
		{8C3814BF-9482-41C2-BA1A-CBA59F5C2ED4}.Release + Setup|Mixed Platforms.Build.0 = Release|Any CPU
		{8C3814BF-9482-41C2-BA1A-CBA59F5C2ED4}.Release + Setup|x86.ActiveCfg = Release|Any CPU
		{8C3814BF-9482-41C2-BA1A-CBA59F5C2ED4}.Release + Setup|x86.Build.0 = Release|Any CPU
		{8C3814BF-9482-41C2-BA1A-CBA59F5C2ED4}.Release|Any CPU.ActiveCfg = Release|Any CPU
		{8C3814BF-9482-41C2-BA1A-CBA59F5C2ED4}.Release|Any CPU.Build.0 = Release|Any CPU
		{8C3814BF-9482-41C2-BA1A-CBA59F5C2ED4}.Release|Mixed Platforms.ActiveCfg = Release|Any CPU
		{8C3814BF-9482-41C2-BA1A-CBA59F5C2ED4}.Release|Mixed Platforms.Build.0 = Release|Any CPU
		{8C3814BF-9482-41C2-BA1A-CBA59F5C2ED4}.Release|x86.ActiveCfg = Release|Any CPU
		{8C3814BF-9482-41C2-BA1A-CBA59F5C2ED4}.Release|x86.Build.0 = Release|Any CPU
		{42B71DB3-2E34-43BB-BF87-88F422BCF861}.Debug + Setup|Any CPU.ActiveCfg = Debug|Any CPU
		{42B71DB3-2E34-43BB-BF87-88F422BCF861}.Debug + Setup|Any CPU.Build.0 = Debug|Any CPU
		{42B71DB3-2E34-43BB-BF87-88F422BCF861}.Debug + Setup|Mixed Platforms.ActiveCfg = Debug|Any CPU
		{42B71DB3-2E34-43BB-BF87-88F422BCF861}.Debug + Setup|Mixed Platforms.Build.0 = Debug|Any CPU
		{42B71DB3-2E34-43BB-BF87-88F422BCF861}.Debug + Setup|x86.ActiveCfg = Debug|Any CPU
		{42B71DB3-2E34-43BB-BF87-88F422BCF861}.Debug + Setup|x86.Build.0 = Debug|Any CPU
		{42B71DB3-2E34-43BB-BF87-88F422BCF861}.Debug|Any CPU.ActiveCfg = Debug|Any CPU
		{42B71DB3-2E34-43BB-BF87-88F422BCF861}.Debug|Any CPU.Build.0 = Debug|Any CPU
		{42B71DB3-2E34-43BB-BF87-88F422BCF861}.Debug|Mixed Platforms.ActiveCfg = Debug|Any CPU
		{42B71DB3-2E34-43BB-BF87-88F422BCF861}.Debug|Mixed Platforms.Build.0 = Debug|Any CPU
		{42B71DB3-2E34-43BB-BF87-88F422BCF861}.Debug|x86.ActiveCfg = Debug|Any CPU
		{42B71DB3-2E34-43BB-BF87-88F422BCF861}.Debug|x86.Build.0 = Debug|Any CPU
		{42B71DB3-2E34-43BB-BF87-88F422BCF861}.Release + Setup|Any CPU.ActiveCfg = Release|Any CPU
		{42B71DB3-2E34-43BB-BF87-88F422BCF861}.Release + Setup|Any CPU.Build.0 = Release|Any CPU
		{42B71DB3-2E34-43BB-BF87-88F422BCF861}.Release + Setup|Mixed Platforms.ActiveCfg = Release|Any CPU
		{42B71DB3-2E34-43BB-BF87-88F422BCF861}.Release + Setup|Mixed Platforms.Build.0 = Release|Any CPU
		{42B71DB3-2E34-43BB-BF87-88F422BCF861}.Release + Setup|x86.ActiveCfg = Release|Any CPU
		{42B71DB3-2E34-43BB-BF87-88F422BCF861}.Release + Setup|x86.Build.0 = Release|Any CPU
		{42B71DB3-2E34-43BB-BF87-88F422BCF861}.Release|Any CPU.ActiveCfg = Release|Any CPU
		{42B71DB3-2E34-43BB-BF87-88F422BCF861}.Release|Any CPU.Build.0 = Release|Any CPU
		{42B71DB3-2E34-43BB-BF87-88F422BCF861}.Release|Mixed Platforms.ActiveCfg = Release|Any CPU
		{42B71DB3-2E34-43BB-BF87-88F422BCF861}.Release|Mixed Platforms.Build.0 = Release|Any CPU
		{42B71DB3-2E34-43BB-BF87-88F422BCF861}.Release|x86.ActiveCfg = Release|Any CPU
		{42B71DB3-2E34-43BB-BF87-88F422BCF861}.Release|x86.Build.0 = Release|Any CPU
		{1293A5C4-478F-4EFD-8E53-D283B35E1A06}.Debug + Setup|Any CPU.ActiveCfg = Debug|Any CPU
		{1293A5C4-478F-4EFD-8E53-D283B35E1A06}.Debug + Setup|Any CPU.Build.0 = Debug|Any CPU
		{1293A5C4-478F-4EFD-8E53-D283B35E1A06}.Debug + Setup|Mixed Platforms.ActiveCfg = Debug|Any CPU
		{1293A5C4-478F-4EFD-8E53-D283B35E1A06}.Debug + Setup|Mixed Platforms.Build.0 = Debug|Any CPU
		{1293A5C4-478F-4EFD-8E53-D283B35E1A06}.Debug + Setup|x86.ActiveCfg = Debug|Any CPU
		{1293A5C4-478F-4EFD-8E53-D283B35E1A06}.Debug + Setup|x86.Build.0 = Debug|Any CPU
		{1293A5C4-478F-4EFD-8E53-D283B35E1A06}.Debug|Any CPU.ActiveCfg = Debug|Any CPU
		{1293A5C4-478F-4EFD-8E53-D283B35E1A06}.Debug|Any CPU.Build.0 = Debug|Any CPU
		{1293A5C4-478F-4EFD-8E53-D283B35E1A06}.Debug|Mixed Platforms.ActiveCfg = Debug|Any CPU
		{1293A5C4-478F-4EFD-8E53-D283B35E1A06}.Debug|Mixed Platforms.Build.0 = Debug|Any CPU
		{1293A5C4-478F-4EFD-8E53-D283B35E1A06}.Debug|x86.ActiveCfg = Debug|Any CPU
		{1293A5C4-478F-4EFD-8E53-D283B35E1A06}.Debug|x86.Build.0 = Debug|Any CPU
		{1293A5C4-478F-4EFD-8E53-D283B35E1A06}.Release + Setup|Any CPU.ActiveCfg = Release|Any CPU
		{1293A5C4-478F-4EFD-8E53-D283B35E1A06}.Release + Setup|Any CPU.Build.0 = Release|Any CPU
		{1293A5C4-478F-4EFD-8E53-D283B35E1A06}.Release + Setup|Mixed Platforms.ActiveCfg = Release|Any CPU
		{1293A5C4-478F-4EFD-8E53-D283B35E1A06}.Release + Setup|Mixed Platforms.Build.0 = Release|Any CPU
		{1293A5C4-478F-4EFD-8E53-D283B35E1A06}.Release + Setup|x86.ActiveCfg = Release|Any CPU
		{1293A5C4-478F-4EFD-8E53-D283B35E1A06}.Release + Setup|x86.Build.0 = Release|Any CPU
		{1293A5C4-478F-4EFD-8E53-D283B35E1A06}.Release|Any CPU.ActiveCfg = Release|Any CPU
		{1293A5C4-478F-4EFD-8E53-D283B35E1A06}.Release|Any CPU.Build.0 = Release|Any CPU
		{1293A5C4-478F-4EFD-8E53-D283B35E1A06}.Release|Mixed Platforms.ActiveCfg = Release|Any CPU
		{1293A5C4-478F-4EFD-8E53-D283B35E1A06}.Release|Mixed Platforms.Build.0 = Release|Any CPU
		{1293A5C4-478F-4EFD-8E53-D283B35E1A06}.Release|x86.ActiveCfg = Release|Any CPU
		{1293A5C4-478F-4EFD-8E53-D283B35E1A06}.Release|x86.Build.0 = Release|Any CPU
		{F4577356-279F-4BCC-82A4-30ED8B1FD66B}.Debug + Setup|Any CPU.ActiveCfg = Debug|Any CPU
		{F4577356-279F-4BCC-82A4-30ED8B1FD66B}.Debug + Setup|Any CPU.Build.0 = Debug|Any CPU
		{F4577356-279F-4BCC-82A4-30ED8B1FD66B}.Debug + Setup|Mixed Platforms.ActiveCfg = Debug|Any CPU
		{F4577356-279F-4BCC-82A4-30ED8B1FD66B}.Debug + Setup|Mixed Platforms.Build.0 = Debug|Any CPU
		{F4577356-279F-4BCC-82A4-30ED8B1FD66B}.Debug + Setup|x86.ActiveCfg = Debug|Any CPU
		{F4577356-279F-4BCC-82A4-30ED8B1FD66B}.Debug + Setup|x86.Build.0 = Debug|Any CPU
		{F4577356-279F-4BCC-82A4-30ED8B1FD66B}.Debug|Any CPU.ActiveCfg = Debug|Any CPU
		{F4577356-279F-4BCC-82A4-30ED8B1FD66B}.Debug|Any CPU.Build.0 = Debug|Any CPU
		{F4577356-279F-4BCC-82A4-30ED8B1FD66B}.Debug|Mixed Platforms.ActiveCfg = Debug|Any CPU
		{F4577356-279F-4BCC-82A4-30ED8B1FD66B}.Debug|x86.ActiveCfg = Debug|Any CPU
		{F4577356-279F-4BCC-82A4-30ED8B1FD66B}.Debug|x86.Build.0 = Debug|Any CPU
		{F4577356-279F-4BCC-82A4-30ED8B1FD66B}.Release + Setup|Any CPU.ActiveCfg = Release|Any CPU
		{F4577356-279F-4BCC-82A4-30ED8B1FD66B}.Release + Setup|Any CPU.Build.0 = Release|Any CPU
		{F4577356-279F-4BCC-82A4-30ED8B1FD66B}.Release + Setup|Mixed Platforms.ActiveCfg = Release|Any CPU
		{F4577356-279F-4BCC-82A4-30ED8B1FD66B}.Release + Setup|Mixed Platforms.Build.0 = Release|Any CPU
		{F4577356-279F-4BCC-82A4-30ED8B1FD66B}.Release + Setup|x86.ActiveCfg = Release|Any CPU
		{F4577356-279F-4BCC-82A4-30ED8B1FD66B}.Release + Setup|x86.Build.0 = Release|Any CPU
		{F4577356-279F-4BCC-82A4-30ED8B1FD66B}.Release|Any CPU.ActiveCfg = Release|Any CPU
		{F4577356-279F-4BCC-82A4-30ED8B1FD66B}.Release|Any CPU.Build.0 = Release|Any CPU
		{F4577356-279F-4BCC-82A4-30ED8B1FD66B}.Release|Mixed Platforms.ActiveCfg = Release|Any CPU
		{F4577356-279F-4BCC-82A4-30ED8B1FD66B}.Release|x86.ActiveCfg = Release|Any CPU
		{F4577356-279F-4BCC-82A4-30ED8B1FD66B}.Release|x86.Build.0 = Release|Any CPU
	EndGlobalSection
	GlobalSection(SolutionProperties) = preSolution
		HideSolutionNode = FALSE
	EndGlobalSection
	GlobalSection(NestedProjects) = preSolution
		{8AD3C34B-A1D3-4385-A8A9-C429BD9A37D3} = {41D5EE58-70A5-432A-AD7E-7681522416DA}
		{A722DE9D-AE51-479C-825F-A19F4C69BD75} = {F477374C-E179-4991-BD4A-CAFCC42C69DC}
		{7E5E21B9-4BD6-4FB3-9055-9B09CC479C6C} = {F477374C-E179-4991-BD4A-CAFCC42C69DC}
		{90F750B3-64DB-493F-96A6-E68DE5EA60A1} = {F477374C-E179-4991-BD4A-CAFCC42C69DC}
		{F3FC11C7-8850-4874-9CF3-8BA4DE43959A} = {B1F1A4A8-719B-4863-BEE0-EC79E7F06DEB}
		{65DD367D-A89D-4F89-9231-2009EF0B31AF} = {B1F1A4A8-719B-4863-BEE0-EC79E7F06DEB}
		{074C14ED-C574-46D2-B9DC-C1B5F65D9A69} = {8C20CFC3-5D3F-4176-989D-BE4E472200FE}
		{BA481E42-F570-4D2C-94D4-21C4CCE27762} = {F477374C-E179-4991-BD4A-CAFCC42C69DC}
		{A4172CDD-C8FD-4C91-9AAF-54A948F26273} = {8C20CFC3-5D3F-4176-989D-BE4E472200FE}
		{971B720E-2AE8-4EA4-B5CE-7A1AF11C3743} = {F477374C-E179-4991-BD4A-CAFCC42C69DC}
		{21AADDF8-BB39-4D0F-A6EF-EFD64AB3BC16} = {227520B6-B11F-45B8-84B2-8FDF27A2492C}
		{8DA15060-5A78-4F89-A9F1-7AA56B0D622C} = {2E731243-64FA-4810-A67F-03538F9A4954}
		{3A053F34-4EDF-4071-B966-923255A0AE14} = {8C20CFC3-5D3F-4176-989D-BE4E472200FE}
		{1A7A0EC8-D85A-4674-8DF7-89FF64D0A158} = {227520B6-B11F-45B8-84B2-8FDF27A2492C}
		{4B6AC9D7-14AF-4C52-9154-59F4B4A3EC0E} = {1A7A0EC8-D85A-4674-8DF7-89FF64D0A158}
		{76346905-AC2F-4F01-BA99-BBFFBB2A6FE9} = {F477374C-E179-4991-BD4A-CAFCC42C69DC}
		{B91C438D-0333-4D06-86CD-74CE82DF6F40} = {41D5EE58-70A5-432A-AD7E-7681522416DA}
		{36B8E0A1-F1B1-498D-8FE7-A39BB7FD68CA} = {2E731243-64FA-4810-A67F-03538F9A4954}
		{8986CD52-0C65-42D6-9C47-20FF47CF87BB} = {2E731243-64FA-4810-A67F-03538F9A4954}
		{5A171DBB-855C-452B-93C6-229C7AA6C7A6} = {8C20CFC3-5D3F-4176-989D-BE4E472200FE}
		{004C3829-FED4-4084-B23B-871193AFA8C7} = {F477374C-E179-4991-BD4A-CAFCC42C69DC}
		{968C6EEB-1E79-446A-96AE-69CB225E1C37} = {2E731243-64FA-4810-A67F-03538F9A4954}
		{8C3814BF-9482-41C2-BA1A-CBA59F5C2ED4} = {2E731243-64FA-4810-A67F-03538F9A4954}
		{42B71DB3-2E34-43BB-BF87-88F422BCF861} = {8C20CFC3-5D3F-4176-989D-BE4E472200FE}
		{1293A5C4-478F-4EFD-8E53-D283B35E1A06} = {F477374C-E179-4991-BD4A-CAFCC42C69DC}
	EndGlobalSection
	GlobalSection(ExtensibilityGlobals) = postSolution
		SolutionGuid = {BD4FB631-D51C-4C53-8362-486D4851FCDE}
	EndGlobalSection
EndGlobal
