
Microsoft Visual Studio Solution File, Format Version 12.00
# Visual Studio 2012
Project("{FAE04EC0-301F-11D3-BF4B-00C04F79EFBC}") = "ChannelList", "ChannelList\ChannelList.csproj", "{3FB48C93-85EC-4894-8FE7-E035DDC0618C}"
EndProject
Project("{FAE04EC0-301F-11D3-BF4B-00C04F79EFBC}") = "DvbStpClient", "DvbStpClient\DvbStpClient.csproj", "{8AD3C34B-A1D3-4385-A8A9-C429BD9A37D3}"
EndProject
Project("{FAE04EC0-301F-11D3-BF4B-00C04F79EFBC}") = "DvbIpTypes", "DvbIpTypes\DvbIpTypes.csproj", "{5B7C318B-372F-4265-8337-125E4A098532}"
EndProject
Project("{FAE04EC0-301F-11D3-BF4B-00C04F79EFBC}") = "UiServices.Config", "UiServices.Config\UiServices.Config.csproj", "{A722DE9D-AE51-479C-825F-A19F4C69BD75}"
EndProject
Project("{FAE04EC0-301F-11D3-BF4B-00C04F79EFBC}") = "UiServices.Controls", "UiServices.Controls\UiServices.Controls.csproj", "{745A4961-D7A0-4A2E-BB58-849ED0690271}"
EndProject
Project("{FAE04EC0-301F-11D3-BF4B-00C04F79EFBC}") = "UiServices.Discovery", "UiServices.Discovery\UiServices.Discovery.csproj", "{7E5E21B9-4BD6-4FB3-9055-9B09CC479C6C}"
EndProject
Project("{FAE04EC0-301F-11D3-BF4B-00C04F79EFBC}") = "IpTvRecorderLauncher", "IpTvRecorderLauncher\IpTvRecorderLauncher.csproj", "{DDA7264E-C003-4E3A-B657-27EE2543F101}"
EndProject
Project("{FAE04EC0-301F-11D3-BF4B-00C04F79EFBC}") = "FirstTimeConfig", "FirstTimeConfig\FirstTimeConfig.csproj", "{6B23C0BE-C1CE-457A-B701-55870E355560}"
EndProject
Project("{2150E333-8FDC-42A3-9474-1A3956D46DE8}") = "Solution Items", "Solution Items", "{227520B6-B11F-45B8-84B2-8FDF27A2492C}"
	ProjectSection(SolutionItems) = preProject
		AssemblySolutionInfo.cs = AssemblySolutionInfo.cs
		movistartv-config.xml = movistartv-config.xml
		solution-license.rtf = solution-license.rtf
		solution-license.txt = solution-license.txt
		solution-license_es.rtf = solution-license_es.rtf
		solution-license_es.txt = solution-license_es.txt
	EndProjectSection
EndProject
Project("{FAE04EC0-301F-11D3-BF4B-00C04F79EFBC}") = "UiServices.Forms", "UiServices.Forms\UiServices.Forms.csproj", "{90F750B3-64DB-493F-96A6-E68DE5EA60A1}"
EndProject
Project("{2150E333-8FDC-42A3-9474-1A3956D46DE8}") = "Setup", "Setup", "{B1F1A4A8-719B-4863-BEE0-EC79E7F06DEB}"
EndProject
Project("{930C7802-8A8C-48F9-8165-68863BCCD9DD}") = "MainSetup", "Setup\MainSetup\MainSetup.wixproj", "{F3FC11C7-8850-4874-9CF3-8BA4DE43959A}"
EndProject
Project("{FAE04EC0-301F-11D3-BF4B-00C04F79EFBC}") = "Logos", "Logos\Logos.csproj", "{65DD367D-A89D-4F89-9231-2009EF0B31AF}"
EndProject
Project("{FAE04EC0-301F-11D3-BF4B-00C04F79EFBC}") = "UpdateWolf424", "Setup\UpdateWolf424\UpdateWolf424.csproj", "{E66662D8-1757-4519-8169-EF168888BBE8}"
EndProject
Global
	GlobalSection(TeamFoundationVersionControl) = preSolution
		SccNumberOfProjects = 13
		SccEnterpriseProvider = {4CA58AB2-18FA-4F8D-95D4-32DDF27D184C}
		SccTeamFoundationServer = https://tfs.codeplex.com/tfs/tfs30
		SccLocalPath0 = .
		SccProjectUniqueName1 = ChannelList\\ChannelList.csproj
		SccProjectName1 = ChannelList
		SccLocalPath1 = ChannelList
		SccProjectUniqueName2 = DvbIpTypes\\DvbIpTypes.csproj
		SccProjectName2 = DvbIpTypes
		SccLocalPath2 = DvbIpTypes
		SccProjectUniqueName3 = DvbStpClient\\DvbStpClient.csproj
		SccProjectName3 = DvbStpClient
		SccLocalPath3 = DvbStpClient
		SccProjectUniqueName4 = FirstTimeConfig\\FirstTimeConfig.csproj
		SccProjectName4 = FirstTimeConfig
		SccLocalPath4 = FirstTimeConfig
		SccProjectUniqueName5 = IpTvRecorderLauncher\\IpTvRecorderLauncher.csproj
		SccProjectName5 = IpTvRecorderLauncher
		SccLocalPath5 = IpTvRecorderLauncher
		SccProjectUniqueName6 = UiServices.Config\\UiServices.Config.csproj
		SccProjectName6 = UiServices.Config
		SccLocalPath6 = UiServices.Config
		SccProjectUniqueName7 = UiServices.Controls\\UiServices.Controls.csproj
		SccProjectName7 = UiServices.Controls
		SccLocalPath7 = UiServices.Controls
		SccProjectUniqueName8 = UiServices.Discovery\\UiServices.Discovery.csproj
		SccProjectName8 = UiServices.Discovery
		SccLocalPath8 = UiServices.Discovery
		SccProjectUniqueName9 = UiServices.Forms\\UiServices.Forms.csproj
		SccProjectName9 = UiServices.Forms
		SccLocalPath9 = UiServices.Forms
		SccProjectUniqueName10 = Setup\\MainSetup\\MainSetup.wixproj
		SccProjectTopLevelParentUniqueName10 = MovistarTV.sln
		SccProjectName10 = Setup/MainSetup
		SccLocalPath10 = Setup\\MainSetup
		SccProjectUniqueName11 = Logos\\Logos.csproj
		SccProjectName11 = Logos
		SccLocalPath11 = Logos
		SccProjectUniqueName12 = Setup\\UpdateWolf424\\UpdateWolf424.csproj
		SccProjectTopLevelParentUniqueName12 = MovistarTV.sln
		SccProjectName12 = Setup/UpdateWolf424
		SccLocalPath12 = Setup\\UpdateWolf424
	EndGlobalSection
	GlobalSection(SolutionConfigurationPlatforms) = preSolution
		Debug|Any CPU = Debug|Any CPU
		Debug|Mixed Platforms = Debug|Mixed Platforms
		Debug|x86 = Debug|x86
		Release + Setup|Any CPU = Release + Setup|Any CPU
		Release + Setup|Mixed Platforms = Release + Setup|Mixed Platforms
		Release + Setup|x86 = Release + Setup|x86
		Release|Any CPU = Release|Any CPU
		Release|Mixed Platforms = Release|Mixed Platforms
		Release|x86 = Release|x86
	EndGlobalSection
	GlobalSection(ProjectConfigurationPlatforms) = postSolution
		{3FB48C93-85EC-4894-8FE7-E035DDC0618C}.Debug|Any CPU.ActiveCfg = Debug|Any CPU
		{3FB48C93-85EC-4894-8FE7-E035DDC0618C}.Debug|Any CPU.Build.0 = Debug|Any CPU
		{3FB48C93-85EC-4894-8FE7-E035DDC0618C}.Debug|Mixed Platforms.ActiveCfg = Debug|Any CPU
		{3FB48C93-85EC-4894-8FE7-E035DDC0618C}.Debug|Mixed Platforms.Build.0 = Debug|Any CPU
		{3FB48C93-85EC-4894-8FE7-E035DDC0618C}.Debug|x86.ActiveCfg = Debug|Any CPU
		{3FB48C93-85EC-4894-8FE7-E035DDC0618C}.Release + Setup|Any CPU.ActiveCfg = Release|Any CPU
		{3FB48C93-85EC-4894-8FE7-E035DDC0618C}.Release + Setup|Any CPU.Build.0 = Release|Any CPU
		{3FB48C93-85EC-4894-8FE7-E035DDC0618C}.Release + Setup|Mixed Platforms.ActiveCfg = Release|Any CPU
		{3FB48C93-85EC-4894-8FE7-E035DDC0618C}.Release + Setup|Mixed Platforms.Build.0 = Release|Any CPU
		{3FB48C93-85EC-4894-8FE7-E035DDC0618C}.Release + Setup|x86.ActiveCfg = Release|Any CPU
		{3FB48C93-85EC-4894-8FE7-E035DDC0618C}.Release|Any CPU.ActiveCfg = Release|Any CPU
		{3FB48C93-85EC-4894-8FE7-E035DDC0618C}.Release|Any CPU.Build.0 = Release|Any CPU
		{3FB48C93-85EC-4894-8FE7-E035DDC0618C}.Release|Mixed Platforms.ActiveCfg = Release|Any CPU
		{3FB48C93-85EC-4894-8FE7-E035DDC0618C}.Release|Mixed Platforms.Build.0 = Release|Any CPU
		{3FB48C93-85EC-4894-8FE7-E035DDC0618C}.Release|x86.ActiveCfg = Release|Any CPU
		{8AD3C34B-A1D3-4385-A8A9-C429BD9A37D3}.Debug|Any CPU.ActiveCfg = Debug|Any CPU
		{8AD3C34B-A1D3-4385-A8A9-C429BD9A37D3}.Debug|Any CPU.Build.0 = Debug|Any CPU
		{8AD3C34B-A1D3-4385-A8A9-C429BD9A37D3}.Debug|Mixed Platforms.ActiveCfg = Debug|Any CPU
		{8AD3C34B-A1D3-4385-A8A9-C429BD9A37D3}.Debug|Mixed Platforms.Build.0 = Debug|Any CPU
		{8AD3C34B-A1D3-4385-A8A9-C429BD9A37D3}.Debug|x86.ActiveCfg = Debug|Any CPU
		{8AD3C34B-A1D3-4385-A8A9-C429BD9A37D3}.Release + Setup|Any CPU.ActiveCfg = Release|Any CPU
		{8AD3C34B-A1D3-4385-A8A9-C429BD9A37D3}.Release + Setup|Any CPU.Build.0 = Release|Any CPU
		{8AD3C34B-A1D3-4385-A8A9-C429BD9A37D3}.Release + Setup|Mixed Platforms.ActiveCfg = Release|Any CPU
		{8AD3C34B-A1D3-4385-A8A9-C429BD9A37D3}.Release + Setup|Mixed Platforms.Build.0 = Release|Any CPU
		{8AD3C34B-A1D3-4385-A8A9-C429BD9A37D3}.Release + Setup|x86.ActiveCfg = Release|Any CPU
		{8AD3C34B-A1D3-4385-A8A9-C429BD9A37D3}.Release|Any CPU.ActiveCfg = Release|Any CPU
		{8AD3C34B-A1D3-4385-A8A9-C429BD9A37D3}.Release|Any CPU.Build.0 = Release|Any CPU
		{8AD3C34B-A1D3-4385-A8A9-C429BD9A37D3}.Release|Mixed Platforms.ActiveCfg = Release|Any CPU
		{8AD3C34B-A1D3-4385-A8A9-C429BD9A37D3}.Release|Mixed Platforms.Build.0 = Release|Any CPU
		{8AD3C34B-A1D3-4385-A8A9-C429BD9A37D3}.Release|x86.ActiveCfg = Release|Any CPU
		{5B7C318B-372F-4265-8337-125E4A098532}.Debug|Any CPU.ActiveCfg = Debug|Any CPU
		{5B7C318B-372F-4265-8337-125E4A098532}.Debug|Any CPU.Build.0 = Debug|Any CPU
		{5B7C318B-372F-4265-8337-125E4A098532}.Debug|Mixed Platforms.ActiveCfg = Debug|Any CPU
		{5B7C318B-372F-4265-8337-125E4A098532}.Debug|Mixed Platforms.Build.0 = Debug|Any CPU
		{5B7C318B-372F-4265-8337-125E4A098532}.Debug|x86.ActiveCfg = Debug|Any CPU
		{5B7C318B-372F-4265-8337-125E4A098532}.Release + Setup|Any CPU.ActiveCfg = Release|Any CPU
		{5B7C318B-372F-4265-8337-125E4A098532}.Release + Setup|Any CPU.Build.0 = Release|Any CPU
		{5B7C318B-372F-4265-8337-125E4A098532}.Release + Setup|Mixed Platforms.ActiveCfg = Release|Any CPU
		{5B7C318B-372F-4265-8337-125E4A098532}.Release + Setup|Mixed Platforms.Build.0 = Release|Any CPU
		{5B7C318B-372F-4265-8337-125E4A098532}.Release + Setup|x86.ActiveCfg = Release|Any CPU
		{5B7C318B-372F-4265-8337-125E4A098532}.Release|Any CPU.ActiveCfg = Release|Any CPU
		{5B7C318B-372F-4265-8337-125E4A098532}.Release|Any CPU.Build.0 = Release|Any CPU
		{5B7C318B-372F-4265-8337-125E4A098532}.Release|Mixed Platforms.ActiveCfg = Release|Any CPU
		{5B7C318B-372F-4265-8337-125E4A098532}.Release|Mixed Platforms.Build.0 = Release|Any CPU
		{5B7C318B-372F-4265-8337-125E4A098532}.Release|x86.ActiveCfg = Release|Any CPU
		{A722DE9D-AE51-479C-825F-A19F4C69BD75}.Debug|Any CPU.ActiveCfg = Debug|Any CPU
		{A722DE9D-AE51-479C-825F-A19F4C69BD75}.Debug|Any CPU.Build.0 = Debug|Any CPU
		{A722DE9D-AE51-479C-825F-A19F4C69BD75}.Debug|Mixed Platforms.ActiveCfg = Debug|Any CPU
		{A722DE9D-AE51-479C-825F-A19F4C69BD75}.Debug|Mixed Platforms.Build.0 = Debug|Any CPU
		{A722DE9D-AE51-479C-825F-A19F4C69BD75}.Debug|x86.ActiveCfg = Debug|Any CPU
		{A722DE9D-AE51-479C-825F-A19F4C69BD75}.Release + Setup|Any CPU.ActiveCfg = Release|Any CPU
		{A722DE9D-AE51-479C-825F-A19F4C69BD75}.Release + Setup|Any CPU.Build.0 = Release|Any CPU
		{A722DE9D-AE51-479C-825F-A19F4C69BD75}.Release + Setup|Mixed Platforms.ActiveCfg = Release|Any CPU
		{A722DE9D-AE51-479C-825F-A19F4C69BD75}.Release + Setup|Mixed Platforms.Build.0 = Release|Any CPU
		{A722DE9D-AE51-479C-825F-A19F4C69BD75}.Release + Setup|x86.ActiveCfg = Release|Any CPU
		{A722DE9D-AE51-479C-825F-A19F4C69BD75}.Release|Any CPU.ActiveCfg = Release|Any CPU
		{A722DE9D-AE51-479C-825F-A19F4C69BD75}.Release|Any CPU.Build.0 = Release|Any CPU
		{A722DE9D-AE51-479C-825F-A19F4C69BD75}.Release|Mixed Platforms.ActiveCfg = Release|Any CPU
		{A722DE9D-AE51-479C-825F-A19F4C69BD75}.Release|Mixed Platforms.Build.0 = Release|Any CPU
		{A722DE9D-AE51-479C-825F-A19F4C69BD75}.Release|x86.ActiveCfg = Release|Any CPU
		{745A4961-D7A0-4A2E-BB58-849ED0690271}.Debug|Any CPU.ActiveCfg = Debug|Any CPU
		{745A4961-D7A0-4A2E-BB58-849ED0690271}.Debug|Any CPU.Build.0 = Debug|Any CPU
		{745A4961-D7A0-4A2E-BB58-849ED0690271}.Debug|Mixed Platforms.ActiveCfg = Debug|Any CPU
		{745A4961-D7A0-4A2E-BB58-849ED0690271}.Debug|Mixed Platforms.Build.0 = Debug|Any CPU
		{745A4961-D7A0-4A2E-BB58-849ED0690271}.Debug|x86.ActiveCfg = Debug|Any CPU
		{745A4961-D7A0-4A2E-BB58-849ED0690271}.Release + Setup|Any CPU.ActiveCfg = Release|Any CPU
		{745A4961-D7A0-4A2E-BB58-849ED0690271}.Release + Setup|Any CPU.Build.0 = Release|Any CPU
		{745A4961-D7A0-4A2E-BB58-849ED0690271}.Release + Setup|Mixed Platforms.ActiveCfg = Release|Any CPU
		{745A4961-D7A0-4A2E-BB58-849ED0690271}.Release + Setup|Mixed Platforms.Build.0 = Release|Any CPU
		{745A4961-D7A0-4A2E-BB58-849ED0690271}.Release + Setup|x86.ActiveCfg = Release|Any CPU
		{745A4961-D7A0-4A2E-BB58-849ED0690271}.Release|Any CPU.ActiveCfg = Release|Any CPU
		{745A4961-D7A0-4A2E-BB58-849ED0690271}.Release|Any CPU.Build.0 = Release|Any CPU
		{745A4961-D7A0-4A2E-BB58-849ED0690271}.Release|Mixed Platforms.ActiveCfg = Release|Any CPU
		{745A4961-D7A0-4A2E-BB58-849ED0690271}.Release|Mixed Platforms.Build.0 = Release|Any CPU
		{745A4961-D7A0-4A2E-BB58-849ED0690271}.Release|x86.ActiveCfg = Release|Any CPU
		{7E5E21B9-4BD6-4FB3-9055-9B09CC479C6C}.Debug|Any CPU.ActiveCfg = Debug|Any CPU
		{7E5E21B9-4BD6-4FB3-9055-9B09CC479C6C}.Debug|Any CPU.Build.0 = Debug|Any CPU
		{7E5E21B9-4BD6-4FB3-9055-9B09CC479C6C}.Debug|Mixed Platforms.ActiveCfg = Debug|Any CPU
		{7E5E21B9-4BD6-4FB3-9055-9B09CC479C6C}.Debug|Mixed Platforms.Build.0 = Debug|Any CPU
		{7E5E21B9-4BD6-4FB3-9055-9B09CC479C6C}.Debug|x86.ActiveCfg = Debug|Any CPU
		{7E5E21B9-4BD6-4FB3-9055-9B09CC479C6C}.Release + Setup|Any CPU.ActiveCfg = Release|Any CPU
		{7E5E21B9-4BD6-4FB3-9055-9B09CC479C6C}.Release + Setup|Any CPU.Build.0 = Release|Any CPU
		{7E5E21B9-4BD6-4FB3-9055-9B09CC479C6C}.Release + Setup|Mixed Platforms.ActiveCfg = Release|Any CPU
		{7E5E21B9-4BD6-4FB3-9055-9B09CC479C6C}.Release + Setup|Mixed Platforms.Build.0 = Release|Any CPU
		{7E5E21B9-4BD6-4FB3-9055-9B09CC479C6C}.Release + Setup|x86.ActiveCfg = Release|Any CPU
		{7E5E21B9-4BD6-4FB3-9055-9B09CC479C6C}.Release|Any CPU.ActiveCfg = Release|Any CPU
		{7E5E21B9-4BD6-4FB3-9055-9B09CC479C6C}.Release|Any CPU.Build.0 = Release|Any CPU
		{7E5E21B9-4BD6-4FB3-9055-9B09CC479C6C}.Release|Mixed Platforms.ActiveCfg = Release|Any CPU
		{7E5E21B9-4BD6-4FB3-9055-9B09CC479C6C}.Release|Mixed Platforms.Build.0 = Release|Any CPU
		{7E5E21B9-4BD6-4FB3-9055-9B09CC479C6C}.Release|x86.ActiveCfg = Release|Any CPU
		{DDA7264E-C003-4E3A-B657-27EE2543F101}.Debug|Any CPU.ActiveCfg = Debug|Any CPU
		{DDA7264E-C003-4E3A-B657-27EE2543F101}.Debug|Any CPU.Build.0 = Debug|Any CPU
		{DDA7264E-C003-4E3A-B657-27EE2543F101}.Debug|Mixed Platforms.ActiveCfg = Debug|Any CPU
		{DDA7264E-C003-4E3A-B657-27EE2543F101}.Debug|Mixed Platforms.Build.0 = Debug|Any CPU
		{DDA7264E-C003-4E3A-B657-27EE2543F101}.Debug|x86.ActiveCfg = Debug|Any CPU
		{DDA7264E-C003-4E3A-B657-27EE2543F101}.Release + Setup|Any CPU.ActiveCfg = Release|Any CPU
		{DDA7264E-C003-4E3A-B657-27EE2543F101}.Release + Setup|Any CPU.Build.0 = Release|Any CPU
		{DDA7264E-C003-4E3A-B657-27EE2543F101}.Release + Setup|Mixed Platforms.ActiveCfg = Release|Any CPU
		{DDA7264E-C003-4E3A-B657-27EE2543F101}.Release + Setup|Mixed Platforms.Build.0 = Release|Any CPU
		{DDA7264E-C003-4E3A-B657-27EE2543F101}.Release + Setup|x86.ActiveCfg = Release|Any CPU
		{DDA7264E-C003-4E3A-B657-27EE2543F101}.Release|Any CPU.ActiveCfg = Release|Any CPU
		{DDA7264E-C003-4E3A-B657-27EE2543F101}.Release|Any CPU.Build.0 = Release|Any CPU
		{DDA7264E-C003-4E3A-B657-27EE2543F101}.Release|Mixed Platforms.ActiveCfg = Release|Any CPU
		{DDA7264E-C003-4E3A-B657-27EE2543F101}.Release|Mixed Platforms.Build.0 = Release|Any CPU
		{DDA7264E-C003-4E3A-B657-27EE2543F101}.Release|x86.ActiveCfg = Release|Any CPU
		{6B23C0BE-C1CE-457A-B701-55870E355560}.Debug|Any CPU.ActiveCfg = Debug|Any CPU
		{6B23C0BE-C1CE-457A-B701-55870E355560}.Debug|Any CPU.Build.0 = Debug|Any CPU
		{6B23C0BE-C1CE-457A-B701-55870E355560}.Debug|Mixed Platforms.ActiveCfg = Debug|Any CPU
		{6B23C0BE-C1CE-457A-B701-55870E355560}.Debug|Mixed Platforms.Build.0 = Debug|Any CPU
		{6B23C0BE-C1CE-457A-B701-55870E355560}.Debug|x86.ActiveCfg = Debug|Any CPU
		{6B23C0BE-C1CE-457A-B701-55870E355560}.Release + Setup|Any CPU.ActiveCfg = Release|Any CPU
		{6B23C0BE-C1CE-457A-B701-55870E355560}.Release + Setup|Any CPU.Build.0 = Release|Any CPU
		{6B23C0BE-C1CE-457A-B701-55870E355560}.Release + Setup|Mixed Platforms.ActiveCfg = Release|Any CPU
		{6B23C0BE-C1CE-457A-B701-55870E355560}.Release + Setup|Mixed Platforms.Build.0 = Release|Any CPU
		{6B23C0BE-C1CE-457A-B701-55870E355560}.Release + Setup|x86.ActiveCfg = Release|Any CPU
		{6B23C0BE-C1CE-457A-B701-55870E355560}.Release|Any CPU.ActiveCfg = Release|Any CPU
		{6B23C0BE-C1CE-457A-B701-55870E355560}.Release|Any CPU.Build.0 = Release|Any CPU
		{6B23C0BE-C1CE-457A-B701-55870E355560}.Release|Mixed Platforms.ActiveCfg = Release|Any CPU
		{6B23C0BE-C1CE-457A-B701-55870E355560}.Release|Mixed Platforms.Build.0 = Release|Any CPU
		{6B23C0BE-C1CE-457A-B701-55870E355560}.Release|x86.ActiveCfg = Release|Any CPU
		{90F750B3-64DB-493F-96A6-E68DE5EA60A1}.Debug|Any CPU.ActiveCfg = Debug|Any CPU
		{90F750B3-64DB-493F-96A6-E68DE5EA60A1}.Debug|Any CPU.Build.0 = Debug|Any CPU
		{90F750B3-64DB-493F-96A6-E68DE5EA60A1}.Debug|Mixed Platforms.ActiveCfg = Debug|Any CPU
		{90F750B3-64DB-493F-96A6-E68DE5EA60A1}.Debug|Mixed Platforms.Build.0 = Debug|Any CPU
		{90F750B3-64DB-493F-96A6-E68DE5EA60A1}.Debug|x86.ActiveCfg = Debug|Any CPU
		{90F750B3-64DB-493F-96A6-E68DE5EA60A1}.Release + Setup|Any CPU.ActiveCfg = Release|Any CPU
		{90F750B3-64DB-493F-96A6-E68DE5EA60A1}.Release + Setup|Any CPU.Build.0 = Release|Any CPU
		{90F750B3-64DB-493F-96A6-E68DE5EA60A1}.Release + Setup|Mixed Platforms.ActiveCfg = Release|Any CPU
		{90F750B3-64DB-493F-96A6-E68DE5EA60A1}.Release + Setup|Mixed Platforms.Build.0 = Release|Any CPU
		{90F750B3-64DB-493F-96A6-E68DE5EA60A1}.Release + Setup|x86.ActiveCfg = Release|Any CPU
		{90F750B3-64DB-493F-96A6-E68DE5EA60A1}.Release|Any CPU.ActiveCfg = Release|Any CPU
		{90F750B3-64DB-493F-96A6-E68DE5EA60A1}.Release|Any CPU.Build.0 = Release|Any CPU
		{90F750B3-64DB-493F-96A6-E68DE5EA60A1}.Release|Mixed Platforms.ActiveCfg = Release|Any CPU
		{90F750B3-64DB-493F-96A6-E68DE5EA60A1}.Release|Mixed Platforms.Build.0 = Release|Any CPU
		{90F750B3-64DB-493F-96A6-E68DE5EA60A1}.Release|x86.ActiveCfg = Release|Any CPU
		{F3FC11C7-8850-4874-9CF3-8BA4DE43959A}.Debug|Any CPU.ActiveCfg = Debug|x86
		{F3FC11C7-8850-4874-9CF3-8BA4DE43959A}.Debug|Mixed Platforms.ActiveCfg = Debug|x86
		{F3FC11C7-8850-4874-9CF3-8BA4DE43959A}.Debug|x86.ActiveCfg = Debug|x86
		{F3FC11C7-8850-4874-9CF3-8BA4DE43959A}.Debug|x86.Build.0 = Debug|x86
		{F3FC11C7-8850-4874-9CF3-8BA4DE43959A}.Release + Setup|Any CPU.ActiveCfg = Release|x86
		{F3FC11C7-8850-4874-9CF3-8BA4DE43959A}.Release + Setup|Mixed Platforms.ActiveCfg = Release|x86
		{F3FC11C7-8850-4874-9CF3-8BA4DE43959A}.Release + Setup|Mixed Platforms.Build.0 = Release|x86
		{F3FC11C7-8850-4874-9CF3-8BA4DE43959A}.Release + Setup|x86.ActiveCfg = Release|x86
		{F3FC11C7-8850-4874-9CF3-8BA4DE43959A}.Release + Setup|x86.Build.0 = Release|x86
		{F3FC11C7-8850-4874-9CF3-8BA4DE43959A}.Release|Any CPU.ActiveCfg = Release|x86
		{F3FC11C7-8850-4874-9CF3-8BA4DE43959A}.Release|Mixed Platforms.ActiveCfg = Release|x86
		{F3FC11C7-8850-4874-9CF3-8BA4DE43959A}.Release|x86.ActiveCfg = Release|x86
		{F3FC11C7-8850-4874-9CF3-8BA4DE43959A}.Release|x86.Build.0 = Release|x86
		{65DD367D-A89D-4F89-9231-2009EF0B31AF}.Debug|Any CPU.ActiveCfg = Debug|Any CPU
		{65DD367D-A89D-4F89-9231-2009EF0B31AF}.Debug|Any CPU.Build.0 = Debug|Any CPU
		{65DD367D-A89D-4F89-9231-2009EF0B31AF}.Debug|Mixed Platforms.ActiveCfg = Debug|Any CPU
		{65DD367D-A89D-4F89-9231-2009EF0B31AF}.Debug|x86.ActiveCfg = Debug|Any CPU
		{65DD367D-A89D-4F89-9231-2009EF0B31AF}.Release + Setup|Any CPU.ActiveCfg = Release|Any CPU
		{65DD367D-A89D-4F89-9231-2009EF0B31AF}.Release + Setup|Any CPU.Build.0 = Release|Any CPU
		{65DD367D-A89D-4F89-9231-2009EF0B31AF}.Release + Setup|Mixed Platforms.ActiveCfg = Release|Any CPU
		{65DD367D-A89D-4F89-9231-2009EF0B31AF}.Release + Setup|Mixed Platforms.Build.0 = Release|Any CPU
		{65DD367D-A89D-4F89-9231-2009EF0B31AF}.Release + Setup|x86.ActiveCfg = Release|Any CPU
		{65DD367D-A89D-4F89-9231-2009EF0B31AF}.Release|Any CPU.ActiveCfg = Release|Any CPU
		{65DD367D-A89D-4F89-9231-2009EF0B31AF}.Release|Any CPU.Build.0 = Release|Any CPU
		{65DD367D-A89D-4F89-9231-2009EF0B31AF}.Release|Mixed Platforms.ActiveCfg = Release|Any CPU
		{65DD367D-A89D-4F89-9231-2009EF0B31AF}.Release|x86.ActiveCfg = Release|Any CPU
		{E66662D8-1757-4519-8169-EF168888BBE8}.Debug|Any CPU.ActiveCfg = Debug|Any CPU
		{E66662D8-1757-4519-8169-EF168888BBE8}.Debug|Any CPU.Build.0 = Debug|Any CPU
		{E66662D8-1757-4519-8169-EF168888BBE8}.Debug|Mixed Platforms.ActiveCfg = Debug|Any CPU
		{E66662D8-1757-4519-8169-EF168888BBE8}.Debug|Mixed Platforms.Build.0 = Debug|Any CPU
		{E66662D8-1757-4519-8169-EF168888BBE8}.Debug|x86.ActiveCfg = Debug|Any CPU
		{E66662D8-1757-4519-8169-EF168888BBE8}.Release + Setup|Any CPU.ActiveCfg = Release|Any CPU
		{E66662D8-1757-4519-8169-EF168888BBE8}.Release + Setup|Any CPU.Build.0 = Release|Any CPU
		{E66662D8-1757-4519-8169-EF168888BBE8}.Release + Setup|Mixed Platforms.ActiveCfg = Release|Any CPU
		{E66662D8-1757-4519-8169-EF168888BBE8}.Release + Setup|Mixed Platforms.Build.0 = Release|Any CPU
		{E66662D8-1757-4519-8169-EF168888BBE8}.Release + Setup|x86.ActiveCfg = Release|Any CPU
		{E66662D8-1757-4519-8169-EF168888BBE8}.Release|Any CPU.ActiveCfg = Release|Any CPU
		{E66662D8-1757-4519-8169-EF168888BBE8}.Release|Any CPU.Build.0 = Release|Any CPU
		{E66662D8-1757-4519-8169-EF168888BBE8}.Release|Mixed Platforms.ActiveCfg = Release|Any CPU
		{E66662D8-1757-4519-8169-EF168888BBE8}.Release|Mixed Platforms.Build.0 = Release|Any CPU
		{E66662D8-1757-4519-8169-EF168888BBE8}.Release|x86.ActiveCfg = Release|Any CPU
	EndGlobalSection
	GlobalSection(SolutionProperties) = preSolution
		HideSolutionNode = FALSE
	EndGlobalSection
	GlobalSection(NestedProjects) = preSolution
		{F3FC11C7-8850-4874-9CF3-8BA4DE43959A} = {B1F1A4A8-719B-4863-BEE0-EC79E7F06DEB}
		{E66662D8-1757-4519-8169-EF168888BBE8} = {B1F1A4A8-719B-4863-BEE0-EC79E7F06DEB}
	EndGlobalSection
EndGlobal
